{"format_version":"1.2","terraform_version":"1.6.0","variables":{"aws_region":{"value":"us-east-1"},"environment":{"value":"baseline"},"project_name":{"value":"costpilot"}},"planned_values":{"outputs":{"alb_arn":{"sensitive":false},"alb_dns_name":{"sensitive":false},"autoscaling_group_name":{"sensitive":false,"type":"string","value":"costpilot-demo-asg"},"cloudwatch_log_group_arn":{"sensitive":false},"cloudwatch_log_group_name":{"sensitive":false,"type":"string","value":"/aws/costpilot-demo/application"},"ebs_volume_size":{"sensitive":false,"type":"number","value":20},"instance_type":{"sensitive":false,"type":"string","value":"t3.micro"},"log_retention_days":{"sensitive":false,"type":"number","value":30},"s3_bucket_arn":{"sensitive":false},"s3_bucket_name":{"sensitive":false},"target_group_arn":{"sensitive":false},"vpc_id":{"sensitive":false}},"root_module":{"resources":[{"address":"aws_autoscaling_group.main","mode":"managed","type":"aws_autoscaling_group","name":"main","provider_name":"registry.terraform.io/hashicorp/aws","schema_version":1,"values":{"capacity_rebalance":null,"context":null,"default_instance_warmup":null,"desired_capacity":2,"desired_capacity_type":null,"enabled_metrics":null,"force_delete":false,"force_delete_warm_pool":false,"health_check_grace_period":300,"health_check_type":"ELB","ignore_failed_scaling_activities":false,"initial_lifecycle_hook":[],"instance_maintenance_policy":[],"instance_refresh":[],"launch_configuration":null,"launch_template":[{"version":"$Latest"}],"max_instance_lifetime":null,"max_size":4,"metrics_granularity":"1Minute","min_elb_capacity":null,"min_size":2,"name":"costpilot-demo-asg","placement_group":null,"protect_from_scale_in":false,"suspended_processes":null,"tag":[{"key":"Environment","propagate_at_launch":true,"value":"baseline"},{"key":"Name","propagate_at_launch":true,"value":"costpilot-demo-instance"}],"termination_policies":null,"timeouts":null,"wait_for_capacity_timeout":"10m","wait_for_elb_capacity":null,"warm_pool":[]},"sensitive_values":{"availability_zone_distribution":[],"availability_zones":[],"capacity_reservation_specification":[],"initial_lifecycle_hook":[],"instance_maintenance_policy":[],"instance_refresh":[],"launch_template":[{}],"load_balancers":[],"mixed_instances_policy":[],"tag":[{},{}],"target_group_arns":[],"traffic_source":[],"vpc_zone_identifier":[],"warm_pool":[]}},{"address":"aws_autoscaling_group.worker","mode":"managed","type":"aws_autoscaling_group","name":"worker","provider_name":"registry.terraform.io/hashicorp/aws","schema_version":1,"values":{"capacity_rebalance":null,"context":null,"default_instance_warmup":null,"desired_capacity":1,"desired_capacity_type":null,"enabled_metrics":null,"force_delete":false,"force_delete_warm_pool":false,"health_check_grace_period":300,"health_check_type":"EC2","ignore_failed_scaling_activities":false,"initial_lifecycle_hook":[],"instance_maintenance_policy":[],"instance_refresh":[],"launch_configuration":null,"launch_template":[{"version":"$Latest"}],"max_instance_lifetime":null,"max_size":2,"metrics_granularity":"1Minute","min_elb_capacity":null,"min_size":1,"name":"costpilot-demo-worker-asg","placement_group":null,"protect_from_scale_in":false,"suspended_processes":null,"tag":[{"key":"Name","propagate_at_launch":true,"value":"costpilot-demo-worker"},{"key":"Role","propagate_at_launch":true,"value":"background-worker"}],"termination_policies":null,"timeouts":null,"wait_for_capacity_timeout":"10m","wait_for_elb_capacity":null,"warm_pool":[]},"sensitive_values":{"availability_zone_distribution":[],"availability_zones":[],"capacity_reservation_specification":[],"initial_lifecycle_hook":[],"instance_maintenance_policy":[],"instance_refresh":[],"launch_template":[{}],"load_balancers":[],"mixed_instances_policy":[],"tag":[{},{}],"target_group_arns":[],"traffic_source":[],"vpc_zone_identifier":[],"warm_pool":[]}},{"address":"aws_cloudwatch_log_group.application","mode":"managed","type":"aws_cloudwatch_log_group","name":"application","provider_name":"registry.terraform.io/hashicorp/aws","schema_version":0,"values":{"kms_key_id":null,"name":"/aws/costpilot-demo/application","retention_in_days":30,"skip_destroy":false,"tags":{"Environment":"baseline","Name":"costpilot-demo-logs"},"tags_all":{"Environment":"baseline","ManagedBy":"Terraform","Name":"costpilot-demo-logs","Project":"CostPilot-Demo"}},"sensitive_values":{"tags":{},"tags_all":{}}},{"address":"aws_cloudwatch_log_group.worker","mode":"managed","type":"aws_cloudwatch_log_group","name":"worker","provider_name":"registry.terraform.io/hashicorp/aws","schema_version":0,"values":{"kms_key_id":null,"name":"/aws/costpilot-demo/worker","retention_in_days":30,"skip_destroy":false,"tags":{"Environment":"baseline","Name":"costpilot-demo-worker-logs"},"tags_all":{"Environment":"baseline","ManagedBy":"Terraform","Name":"costpilot-demo-worker-logs","Project":"CostPilot-Demo"}},"sensitive_values":{"tags":{},"tags_all":{}}},{"address":"aws_iam_instance_profile.worker","mode":"managed","type":"aws_iam_instance_profile","name":"worker","provider_name":"registry.terraform.io/hashicorp/aws","schema_version":0,"values":{"name":"costpilot-demo-worker-profile","path":"/","role":"costpilot-demo-worker-role","tags":null,"tags_all":{"Environment":"baseline","ManagedBy":"Terraform","Project":"CostPilot-Demo"}},"sensitive_values":{"tags_all":{}}},{"address":"aws_iam_role.worker","mode":"managed","type":"aws_iam_role","name":"worker","provider_name":"registry.terraform.io/hashicorp/aws","schema_version":0,"values":{"assume_role_policy":"{\"Statement\":[{\"Action\":\"sts:AssumeRole\",\"Effect\":\"Allow\",\"Principal\":{\"Service\":\"ec2.amazonaws.com\"}}],\"Version\":\"2012-10-17\"}","description":null,"force_detach_policies":false,"max_session_duration":3600,"name":"costpilot-demo-worker-role","path":"/","permissions_boundary":null,"tags":{"Name":"costpilot-demo-worker-role"},"tags_all":{"Environment":"baseline","ManagedBy":"Terraform","Name":"costpilot-demo-worker-role","Project":"CostPilot-Demo"}},"sensitive_values":{"inline_policy":[],"managed_policy_arns":[],"tags":{},"tags_all":{}}},{"address":"aws_iam_role_policy.worker_sqs","mode":"managed","type":"aws_iam_role_policy","name":"worker_sqs","provider_name":"registry.terraform.io/hashicorp/aws","schema_version":0,"values":{"name":"costpilot-demo-worker-sqs-policy"},"sensitive_values":{}},{"address":"aws_internet_gateway.main","mode":"managed","type":"aws_internet_gateway","name":"main","provider_name":"registry.terraform.io/hashicorp/aws","schema_version":0,"values":{"tags":{"Name":"costpilot-demo-igw"},"tags_all":{"Environment":"baseline","ManagedBy":"Terraform","Name":"costpilot-demo-igw","Project":"CostPilot-Demo"},"timeouts":null},"sensitive_values":{"tags":{},"tags_all":{}}},{"address":"aws_launch_template.main","mode":"managed","type":"aws_launch_template","name":"main","provider_name":"registry.terraform.io/hashicorp/aws","schema_version":0,"values":{"block_device_mappings":[{"device_name":"/dev/xvda","ebs":[{"delete_on_termination":"true","encrypted":"true","kms_key_id":null,"snapshot_id":null,"volume_size":20,"volume_type":"gp3"}],"no_device":null,"virtual_name":null}],"capacity_reservation_specification":[],"cpu_options":[],"credit_specification":[],"description":null,"disable_api_stop":null,"disable_api_termination":null,"ebs_optimized":null,"elastic_gpu_specifications":[],"elastic_inference_accelerator":[],"enclave_options":[],"hibernation_options":[],"iam_instance_profile":[],"image_id":"ami-03f9680ef0c07a3d1","instance_initiated_shutdown_behavior":null,"instance_market_options":[],"instance_requirements":[],"instance_type":"t3.micro","kernel_id":null,"key_name":null,"license_specification":[],"maintenance_options":[],"metadata_options":[{"http_put_response_hop_limit":1,"http_tokens":"required"}],"monitoring":[],"name_prefix":"costpilot-demo-","network_interfaces":[],"placement":[],"private_dns_name_options":[],"ram_disk_id":null,"security_group_names":null,"tag_specifications":[],"tags":{"Name":"costpilot-demo-lt"},"tags_all":{"Environment":"baseline","ManagedBy":"Terraform","Name":"costpilot-demo-lt","Project":"CostPilot-Demo"},"update_default_version":null,"user_data":"IyEvYmluL2Jhc2gKeXVtIHVwZGF0ZSAteQp5dW0gaW5zdGFsbCAteSBodHRwZApzeXN0ZW1jdGwgc3RhcnQgaHR0cGQKc3lzdGVtY3RsIGVuYWJsZSBodHRwZAplY2hvICI8aDE+Q29zdFBpbG90IERlbW8gLSBCYXNlbGluZTwvaDE+IiA+IC92YXIvd3d3L2h0bWwvaW5kZXguaHRtbAo="},"sensitive_values":{"block_device_mappings":[{"ebs":[{}]}],"capacity_reservation_specification":[],"cpu_options":[],"credit_specification":[],"elastic_gpu_specifications":[],"elastic_inference_accelerator":[],"enclave_options":[],"hibernation_options":[],"iam_instance_profile":[],"instance_market_options":[],"instance_requirements":[],"license_specification":[],"maintenance_options":[],"metadata_options":[{}],"monitoring":[],"network_interfaces":[],"placement":[],"private_dns_name_options":[],"tag_specifications":[],"tags":{},"tags_all":{},"vpc_security_group_ids":[]}},{"address":"aws_launch_template.worker","mode":"managed","type":"aws_launch_template","name":"worker","provider_name":"registry.terraform.io/hashicorp/aws","schema_version":0,"values":{"block_device_mappings":[{"device_name":"/dev/xvda","ebs":[{"delete_on_termination":"true","encrypted":"true","kms_key_id":null,"snapshot_id":null,"volume_size":20,"volume_type":"gp3"}],"no_device":null,"virtual_name":null}],"capacity_reservation_specification":[],"cpu_options":[],"credit_specification":[],"description":null,"disable_api_stop":null,"disable_api_termination":null,"ebs_optimized":null,"elastic_gpu_specifications":[],"elastic_inference_accelerator":[],"enclave_options":[],"hibernation_options":[],"iam_instance_profile":[{"arn":null,"name":"costpilot-demo-worker-profile"}],"image_id":"ami-03f9680ef0c07a3d1","instance_initiated_shutdown_behavior":null,"instance_market_options":[],"instance_requirements":[],"instance_type":"t3.micro","kernel_id":null,"key_name":null,"license_specification":[],"maintenance_options":[],"metadata_options":[{"http_put_response_hop_limit":1,"http_tokens":"required"}],"monitoring":[],"name_prefix":"costpilot-demo-worker-","network_interfaces":[],"placement":[],"private_dns_name_options":[],"ram_disk_id":null,"security_group_names":null,"tag_specifications":[],"tags":{"Name":"costpilot-demo-worker-lt"},"tags_all":{"Environment":"baseline","ManagedBy":"Terraform","Name":"costpilot-demo-worker-lt","Project":"CostPilot-Demo"},"update_default_version":null,"user_data":"IyEvYmluL2Jhc2gKeXVtIHVwZGF0ZSAteQp5dW0gaW5zdGFsbCAteSBhd3MtY2xpCiAgICAgICAgICAgICAgCiMgU2ltdWxhdGUgYmFja2dyb3VuZCB3b3JrZXIgdGhhdCBwcm9jZXNzZXMgam9icyBmcm9tIFNRUwpjYXQgPiAvaG9tZS9lYzItdXNlci93b3JrZXIuc2ggPDwgJ1dPUktFUicKIyEvYmluL2Jhc2gKd2hpbGUgdHJ1ZTsgZG8KICBlY2hvICIkKGRhdGUpIC0gUHJvY2Vzc2luZyBqb2JzIGZyb20gcXVldWUuLi4iCiAgIyBXb3JrZXIgd291bGQgcG9sbCBTUVMgYW5kIHByb2Nlc3Mgam9icyBoZXJlCiAgc2xlZXAgMzAKZG9uZQpXT1JLRVIKICAgICAgICAgICAgICAKY2htb2QgK3ggL2hvbWUvZWMyLXVzZXIvd29ya2VyLnNoCm5vaHVwIC9ob21lL2VjMi11c2VyL3dvcmtlci5zaCA+IC92YXIvbG9nL3dvcmtlci5sb2cgMj4mMSAmCg=="},"sensitive_values":{"block_device_mappings":[{"ebs":[{}]}],"capacity_reservation_specification":[],"cpu_options":[],"credit_specification":[],"elastic_gpu_specifications":[],"elastic_inference_accelerator":[],"enclave_options":[],"hibernation_options":[],"iam_instance_profile":[{}],"instance_market_options":[],"instance_requirements":[],"license_specification":[],"maintenance_options":[],"metadata_options":[{}],"monitoring":[],"network_interfaces":[],"placement":[],"private_dns_name_options":[],"tag_specifications":[],"tags":{},"tags_all":{},"vpc_security_group_ids":[]}},{"address":"aws_lb.main","mode":"managed","type":"aws_lb","name":"main","provider_name":"registry.terraform.io/hashicorp/aws","schema_version":0,"values":{"access_logs":[],"client_keep_alive":3600,"connection_logs":[],"customer_owned_ipv4_pool":null,"desync_mitigation_mode":"defensive","dns_record_client_routing_policy":null,"drop_invalid_header_fields":false,"enable_cross_zone_load_balancing":null,"enable_deletion_protection":false,"enable_http2":true,"enable_tls_version_and_cipher_suite_headers":false,"enable_waf_fail_open":false,"enable_xff_client_port":false,"enable_zonal_shift":false,"idle_timeout":60,"internal":false,"ipam_pools":[],"load_balancer_type":"application","minimum_load_balancer_capacity":[],"name":"costpilot-demo-alb","preserve_host_header":false,"tags":{"Name":"costpilot-demo-alb"},"tags_all":{"Environment":"baseline","ManagedBy":"Terraform","Name":"costpilot-demo-alb","Project":"CostPilot-Demo"},"timeouts":null,"xff_header_processing_mode":"append"},"sensitive_values":{"access_logs":[],"connection_logs":[],"ipam_pools":[],"minimum_load_balancer_capacity":[],"security_groups":[],"subnet_mapping":[],"subnets":[],"tags":{},"tags_all":{}}},{"address":"aws_lb_listener.main","mode":"managed","type":"aws_lb_listener","name":"main","provider_name":"registry.terraform.io/hashicorp/aws","schema_version":0,"values":{"alpn_policy":null,"certificate_arn":null,"default_action":[{"authenticate_cognito":[],"authenticate_oidc":[],"fixed_response":[],"forward":[],"redirect":[],"type":"forward"}],"port":80,"protocol":"HTTP","tags":null,"tags_all":{"Environment":"baseline","ManagedBy":"Terraform","Project":"CostPilot-Demo"},"timeouts":null},"sensitive_values":{"default_action":[{"authenticate_cognito":[],"authenticate_oidc":[],"fixed_response":[],"forward":[],"redirect":[]}],"mutual_authentication":[],"tags_all":{}}},{"address":"aws_lb_target_group.main","mode":"managed","type":"aws_lb_target_group","name":"main","provider_name":"registry.terraform.io/hashicorp/aws","schema_version":0,"values":{"deregistration_delay":"300","health_check":[{"enabled":true,"healthy_threshold":2,"interval":30,"matcher":"200","path":"/","port":"traffic-port","protocol":"HTTP","timeout":5,"unhealthy_threshold":2}],"lambda_multi_value_headers_enabled":false,"name":"costpilot-demo-tg","port":80,"protocol":"HTTP","proxy_protocol_v2":false,"slow_start":0,"tags":{"Name":"costpilot-demo-tg"},"tags_all":{"Environment":"baseline","ManagedBy":"Terraform","Name":"costpilot-demo-tg","Project":"CostPilot-Demo"},"target_type":"instance"},"sensitive_values":{"health_check":[{}],"load_balancer_arns":[],"stickiness":[],"tags":{},"tags_all":{},"target_failover":[],"target_group_health":[],"target_health_state":[]}},{"address":"aws_route_table.public","mode":"managed","type":"aws_route_table","name":"public","provider_name":"registry.terraform.io/hashicorp/aws","schema_version":0,"values":{"route":[{"carrier_gateway_id":"","cidr_block":"0.0.0.0/0","core_network_arn":"","destination_prefix_list_id":"","egress_only_gateway_id":"","ipv6_cidr_block":"","local_gateway_id":"","nat_gateway_id":"","network_interface_id":"","transit_gateway_id":"","vpc_endpoint_id":"","vpc_peering_connection_id":""}],"tags":{"Name":"costpilot-demo-public-rt"},"tags_all":{"Environment":"baseline","ManagedBy":"Terraform","Name":"costpilot-demo-public-rt","Project":"CostPilot-Demo"},"timeouts":null},"sensitive_values":{"propagating_vgws":[],"route":[{}],"tags":{},"tags_all":{}}},{"address":"aws_route_table_association.public_a","mode":"managed","type":"aws_route_table_association","name":"public_a","provider_name":"registry.terraform.io/hashicorp/aws","schema_version":0,"values":{"gateway_id":null,"timeouts":null},"sensitive_values":{}},{"address":"aws_route_table_association.public_b","mode":"managed","type":"aws_route_table_association","name":"public_b","provider_name":"registry.terraform.io/hashicorp/aws","schema_version":0,"values":{"gateway_id":null,"timeouts":null},"sensitive_values":{}},{"address":"aws_s3_bucket.analytics","mode":"managed","type":"aws_s3_bucket","name":"analytics","provider_name":"registry.terraform.io/hashicorp/aws","schema_version":0,"values":{"bucket":"costpilot-analytics-879584803102","force_destroy":false,"tags":{"Environment":"baseline","Name":"costpilot-demo-analytics","Purpose":"job-results-storage"},"tags_all":{"Environment":"baseline","ManagedBy":"Terraform","Name":"costpilot-demo-analytics","Project":"CostPilot-Demo","Purpose":"job-results-storage"},"timeouts":null},"sensitive_values":{"cors_rule":[],"grant":[],"lifecycle_rule":[],"logging":[],"object_lock_configuration":[],"replication_configuration":[],"server_side_encryption_configuration":[],"tags":{},"tags_all":{},"versioning":[],"website":[]}},{"address":"aws_s3_bucket.main","mode":"managed","type":"aws_s3_bucket","name":"main","provider_name":"registry.terraform.io/hashicorp/aws","schema_version":0,"values":{"bucket":"costpilot-demo-bucket-879584803102","force_destroy":false,"tags":{"Environment":"baseline","Name":"costpilot-demo-bucket"},"tags_all":{"Environment":"baseline","ManagedBy":"Terraform","Name":"costpilot-demo-bucket","Project":"CostPilot-Demo"},"timeouts":null},"sensitive_values":{"cors_rule":[],"grant":[],"lifecycle_rule":[],"logging":[],"object_lock_configuration":[],"replication_configuration":[],"server_side_encryption_configuration":[],"tags":{},"tags_all":{},"versioning":[],"website":[]}},{"address":"aws_s3_bucket_lifecycle_configuration.analytics","mode":"managed","type":"aws_s3_bucket_lifecycle_configuration","name":"analytics","provider_name":"registry.terraform.io/hashicorp/aws","schema_version":1,"values":{"rule":[{"abort_incomplete_multipart_upload":[],"expiration":[{"date":null,"days":365,"expired_object_delete_marker":false}],"filter":[],"id":"transition-analytics-data","noncurrent_version_expiration":[],"noncurrent_version_transition":[],"prefix":"","status":"Enabled","transition":[{"date":null,"days":30,"storage_class":"STANDARD_IA"},{"date":null,"days":90,"storage_class":"GLACIER"}]}],"timeouts":null,"transition_default_minimum_object_size":"all_storage_classes_128K"},"sensitive_values":{"rule":[{"abort_incomplete_multipart_upload":[],"expiration":[{}],"filter":[],"noncurrent_version_expiration":[],"noncurrent_version_transition":[],"transition":[{},{}]}]}},{"address":"aws_s3_bucket_lifecycle_configuration.main","mode":"managed","type":"aws_s3_bucket_lifecycle_configuration","name":"main","provider_name":"registry.terraform.io/hashicorp/aws","schema_version":1,"values":{"rule":[{"abort_incomplete_multipart_upload":[],"expiration":[],"filter":[],"id":"transition-old-versions","noncurrent_version_expiration":[{"newer_noncurrent_versions":null,"noncurrent_days":180}],"noncurrent_version_transition":[{"newer_noncurrent_versions":null,"noncurrent_days":30,"storage_class":"STANDARD_IA"},{"newer_noncurrent_versions":null,"noncurrent_days":90,"storage_class":"GLACIER"}],"prefix":"","status":"Enabled","transition":[]},{"abort_incomplete_multipart_upload":[],"expiration":[{"date":null,"days":365,"expired_object_delete_marker":false}],"filter":[],"id":"expire-old-objects","noncurrent_version_expiration":[],"noncurrent_version_transition":[],"prefix":"","status":"Enabled","transition":[]}],"timeouts":null,"transition_default_minimum_object_size":"all_storage_classes_128K"},"sensitive_values":{"rule":[{"abort_incomplete_multipart_upload":[],"expiration":[],"filter":[],"noncurrent_version_expiration":[{}],"noncurrent_version_transition":[{},{}],"transition":[]},{"abort_incomplete_multipart_upload":[],"expiration":[{}],"filter":[],"noncurrent_version_expiration":[],"noncurrent_version_transition":[],"transition":[]}]}},{"address":"aws_s3_bucket_versioning.main","mode":"managed","type":"aws_s3_bucket_versioning","name":"main","provider_name":"registry.terraform.io/hashicorp/aws","schema_version":0,"values":{"expected_bucket_owner":null,"mfa":null,"versioning_configuration":[{"status":"Enabled"}]},"sensitive_values":{"versioning_configuration":[{}]}},{"address":"aws_security_group.alb","mode":"managed","type":"aws_security_group","name":"alb","provider_name":"registry.terraform.io/hashicorp/aws","schema_version":1,"values":{"description":"Security group for Application Load Balancer","egress":[{"cidr_blocks":["0.0.0.0/0"],"description":"All outbound traffic","from_port":0,"ipv6_cidr_blocks":[],"prefix_list_ids":[],"protocol":"-1","security_groups":[],"self":false,"to_port":0}],"ingress":[{"cidr_blocks":["0.0.0.0/0"],"description":"HTTP from anywhere","from_port":80,"ipv6_cidr_blocks":[],"prefix_list_ids":[],"protocol":"tcp","security_groups":[],"self":false,"to_port":80}],"name":"costpilot-demo-alb-sg","revoke_rules_on_delete":false,"tags":{"Name":"costpilot-demo-alb-sg"},"tags_all":{"Environment":"baseline","ManagedBy":"Terraform","Name":"costpilot-demo-alb-sg","Project":"CostPilot-Demo"},"timeouts":null},"sensitive_values":{"egress":[{"cidr_blocks":[false],"ipv6_cidr_blocks":[],"prefix_list_ids":[],"security_groups":[]}],"ingress":[{"cidr_blocks":[false],"ipv6_cidr_blocks":[],"prefix_list_ids":[],"security_groups":[]}],"tags":{},"tags_all":{}}},{"address":"aws_security_group.ec2","mode":"managed","type":"aws_security_group","name":"ec2","provider_name":"registry.terraform.io/hashicorp/aws","schema_version":1,"values":{"description":"Security group for EC2 instances","egress":[{"cidr_blocks":["0.0.0.0/0"],"description":"All outbound traffic","from_port":0,"ipv6_cidr_blocks":[],"prefix_list_ids":[],"protocol":"-1","security_groups":[],"self":false,"to_port":0}],"ingress":[{"cidr_blocks":[],"description":"HTTP from ALB","from_port":80,"ipv6_cidr_blocks":[],"prefix_list_ids":[],"protocol":"tcp","self":false,"to_port":80}],"name":"costpilot-demo-ec2-sg","revoke_rules_on_delete":false,"tags":{"Name":"costpilot-demo-ec2-sg"},"tags_all":{"Environment":"baseline","ManagedBy":"Terraform","Name":"costpilot-demo-ec2-sg","Project":"CostPilot-Demo"},"timeouts":null},"sensitive_values":{"egress":[{"cidr_blocks":[false],"ipv6_cidr_blocks":[],"prefix_list_ids":[],"security_groups":[]}],"ingress":[{"cidr_blocks":[],"ipv6_cidr_blocks":[],"prefix_list_ids":[],"security_groups":[]}],"tags":{},"tags_all":{}}},{"address":"aws_security_group.worker","mode":"managed","type":"aws_security_group","name":"worker","provider_name":"registry.terraform.io/hashicorp/aws","schema_version":1,"values":{"description":"Security group for background worker instances","egress":[{"cidr_blocks":["0.0.0.0/0"],"description":"All outbound traffic","from_port":0,"ipv6_cidr_blocks":[],"prefix_list_ids":[],"protocol":"-1","security_groups":[],"self":false,"to_port":0}],"name":"costpilot-demo-worker-sg","revoke_rules_on_delete":false,"tags":{"Name":"costpilot-demo-worker-sg"},"tags_all":{"Environment":"baseline","ManagedBy":"Terraform","Name":"costpilot-demo-worker-sg","Project":"CostPilot-Demo"},"timeouts":null},"sensitive_values":{"egress":[{"cidr_blocks":[false],"ipv6_cidr_blocks":[],"prefix_list_ids":[],"security_groups":[]}],"ingress":[],"tags":{},"tags_all":{}}},{"address":"aws_sqs_queue.jobs","mode":"managed","type":"aws_sqs_queue","name":"jobs","provider_name":"registry.terraform.io/hashicorp/aws","schema_version":0,"values":{"content_based_deduplication":false,"delay_seconds":0,"fifo_queue":false,"kms_master_key_id":null,"max_message_size":262144,"message_retention_seconds":345600,"name":"costpilot-demo-job-queue","receive_wait_time_seconds":10,"tags":{"Environment":"baseline","Name":"costpilot-demo-job-queue","Purpose":"async-job-processing"},"tags_all":{"Environment":"baseline","ManagedBy":"Terraform","Name":"costpilot-demo-job-queue","Project":"CostPilot-Demo","Purpose":"async-job-processing"},"timeouts":null,"visibility_timeout_seconds":300},"sensitive_values":{"tags":{},"tags_all":{}}},{"address":"aws_sqs_queue.jobs_dlq","mode":"managed","type":"aws_sqs_queue","name":"jobs_dlq","provider_name":"registry.terraform.io/hashicorp/aws","schema_version":0,"values":{"content_based_deduplication":false,"delay_seconds":0,"fifo_queue":false,"kms_master_key_id":null,"max_message_size":262144,"message_retention_seconds":1209600,"name":"costpilot-demo-job-queue-dlq","receive_wait_time_seconds":0,"tags":{"Environment":"baseline","Name":"costpilot-demo-job-queue-dlq","Purpose":"dead-letter-queue"},"tags_all":{"Environment":"baseline","ManagedBy":"Terraform","Name":"costpilot-demo-job-queue-dlq","Project":"CostPilot-Demo","Purpose":"dead-letter-queue"},"timeouts":null,"visibility_timeout_seconds":30},"sensitive_values":{"tags":{},"tags_all":{}}},{"address":"aws_subnet.public_a","mode":"managed","type":"aws_subnet","name":"public_a","provider_name":"registry.terraform.io/hashicorp/aws","schema_version":1,"values":{"assign_ipv6_address_on_creation":false,"availability_zone":"us-east-1a","cidr_block":"10.0.1.0/24","customer_owned_ipv4_pool":null,"enable_dns64":false,"enable_lni_at_device_index":null,"enable_resource_name_dns_a_record_on_launch":false,"enable_resource_name_dns_aaaa_record_on_launch":false,"ipv6_cidr_block":null,"ipv6_native":false,"map_customer_owned_ip_on_launch":null,"map_public_ip_on_launch":true,"outpost_arn":null,"tags":{"Name":"costpilot-demo-public-a","Type":"public"},"tags_all":{"Environment":"baseline","ManagedBy":"Terraform","Name":"costpilot-demo-public-a","Project":"CostPilot-Demo","Type":"public"},"timeouts":null},"sensitive_values":{"tags":{},"tags_all":{}}},{"address":"aws_subnet.public_b","mode":"managed","type":"aws_subnet","name":"public_b","provider_name":"registry.terraform.io/hashicorp/aws","schema_version":1,"values":{"assign_ipv6_address_on_creation":false,"availability_zone":"us-east-1b","cidr_block":"10.0.2.0/24","customer_owned_ipv4_pool":null,"enable_dns64":false,"enable_lni_at_device_index":null,"enable_resource_name_dns_a_record_on_launch":false,"enable_resource_name_dns_aaaa_record_on_launch":false,"ipv6_cidr_block":null,"ipv6_native":false,"map_customer_owned_ip_on_launch":null,"map_public_ip_on_launch":true,"outpost_arn":null,"tags":{"Name":"costpilot-demo-public-b","Type":"public"},"tags_all":{"Environment":"baseline","ManagedBy":"Terraform","Name":"costpilot-demo-public-b","Project":"CostPilot-Demo","Type":"public"},"timeouts":null},"sensitive_values":{"tags":{},"tags_all":{}}},{"address":"aws_vpc.main","mode":"managed","type":"aws_vpc","name":"main","provider_name":"registry.terraform.io/hashicorp/aws","schema_version":1,"values":{"assign_generated_ipv6_cidr_block":null,"cidr_block":"10.0.0.0/16","enable_dns_hostnames":true,"enable_dns_support":true,"instance_tenancy":"default","ipv4_ipam_pool_id":null,"ipv4_netmask_length":null,"ipv6_ipam_pool_id":null,"ipv6_netmask_length":null,"tags":{"Name":"costpilot-demo-vpc"},"tags_all":{"Environment":"baseline","ManagedBy":"Terraform","Name":"costpilot-demo-vpc","Project":"CostPilot-Demo"}},"sensitive_values":{"tags":{},"tags_all":{}}}]}},"resource_changes":[{"address":"aws_autoscaling_group.main","mode":"managed","type":"aws_autoscaling_group","name":"main","provider_name":"registry.terraform.io/hashicorp/aws","change":{"actions":["create"],"before":null,"after":{"capacity_rebalance":null,"context":null,"default_instance_warmup":null,"desired_capacity":2,"desired_capacity_type":null,"enabled_metrics":null,"force_delete":false,"force_delete_warm_pool":false,"health_check_grace_period":300,"health_check_type":"ELB","ignore_failed_scaling_activities":false,"initial_lifecycle_hook":[],"instance_maintenance_policy":[],"instance_refresh":[],"launch_configuration":null,"launch_template":[{"version":"$Latest"}],"max_instance_lifetime":null,"max_size":4,"metrics_granularity":"1Minute","min_elb_capacity":null,"min_size":2,"name":"costpilot-demo-asg","placement_group":null,"protect_from_scale_in":false,"suspended_processes":null,"tag":[{"key":"Environment","propagate_at_launch":true,"value":"baseline"},{"key":"Name","propagate_at_launch":true,"value":"costpilot-demo-instance"}],"termination_policies":null,"timeouts":null,"wait_for_capacity_timeout":"10m","wait_for_elb_capacity":null,"warm_pool":[]},"after_unknown":{"arn":true,"availability_zone_distribution":true,"availability_zones":true,"capacity_reservation_specification":true,"default_cooldown":true,"id":true,"initial_lifecycle_hook":[],"instance_maintenance_policy":[],"instance_refresh":[],"launch_template":[{"id":true,"name":true}],"load_balancers":true,"mixed_instances_policy":true,"name_prefix":true,"predicted_capacity":true,"service_linked_role_arn":true,"tag":[{},{}],"target_group_arns":true,"traffic_source":true,"vpc_zone_identifier":true,"warm_pool":[],"warm_pool_size":true},"before_sensitive":false,"after_sensitive":{"availability_zone_distribution":[],"availability_zones":[],"capacity_reservation_specification":[],"initial_lifecycle_hook":[],"instance_maintenance_policy":[],"instance_refresh":[],"launch_template":[{}],"load_balancers":[],"mixed_instances_policy":[],"tag":[{},{}],"target_group_arns":[],"traffic_source":[],"vpc_zone_identifier":[],"warm_pool":[]}}},{"address":"aws_autoscaling_group.worker","mode":"managed","type":"aws_autoscaling_group","name":"worker","provider_name":"registry.terraform.io/hashicorp/aws","change":{"actions":["create"],"before":null,"after":{"capacity_rebalance":null,"context":null,"default_instance_warmup":null,"desired_capacity":1,"desired_capacity_type":null,"enabled_metrics":null,"force_delete":false,"force_delete_warm_pool":false,"health_check_grace_period":300,"health_check_type":"EC2","ignore_failed_scaling_activities":false,"initial_lifecycle_hook":[],"instance_maintenance_policy":[],"instance_refresh":[],"launch_configuration":null,"launch_template":[{"version":"$Latest"}],"max_instance_lifetime":null,"max_size":2,"metrics_granularity":"1Minute","min_elb_capacity":null,"min_size":1,"name":"costpilot-demo-worker-asg","placement_group":null,"protect_from_scale_in":false,"suspended_processes":null,"tag":[{"key":"Name","propagate_at_launch":true,"value":"costpilot-demo-worker"},{"key":"Role","propagate_at_launch":true,"value":"background-worker"}],"termination_policies":null,"timeouts":null,"wait_for_capacity_timeout":"10m","wait_for_elb_capacity":null,"warm_pool":[]},"after_unknown":{"arn":true,"availability_zone_distribution":true,"availability_zones":true,"capacity_reservation_specification":true,"default_cooldown":true,"id":true,"initial_lifecycle_hook":[],"instance_maintenance_policy":[],"instance_refresh":[],"launch_template":[{"id":true,"name":true}],"load_balancers":true,"mixed_instances_policy":true,"name_prefix":true,"predicted_capacity":true,"service_linked_role_arn":true,"tag":[{},{}],"target_group_arns":true,"traffic_source":true,"vpc_zone_identifier":true,"warm_pool":[],"warm_pool_size":true},"before_sensitive":false,"after_sensitive":{"availability_zone_distribution":[],"availability_zones":[],"capacity_reservation_specification":[],"initial_lifecycle_hook":[],"instance_maintenance_policy":[],"instance_refresh":[],"launch_template":[{}],"load_balancers":[],"mixed_instances_policy":[],"tag":[{},{}],"target_group_arns":[],"traffic_source":[],"vpc_zone_identifier":[],"warm_pool":[]}}},{"address":"aws_cloudwatch_log_group.application","mode":"managed","type":"aws_cloudwatch_log_group","name":"application","provider_name":"registry.terraform.io/hashicorp/aws","change":{"actions":["create"],"before":null,"after":{"kms_key_id":null,"name":"/aws/costpilot-demo/application","retention_in_days":30,"skip_destroy":false,"tags":{"Environment":"baseline","Name":"costpilot-demo-logs"},"tags_all":{"Environment":"baseline","ManagedBy":"Terraform","Name":"costpilot-demo-logs","Project":"CostPilot-Demo"}},"after_unknown":{"arn":true,"id":true,"log_group_class":true,"name_prefix":true,"tags":{},"tags_all":{}},"before_sensitive":false,"after_sensitive":{"tags":{},"tags_all":{}}}},{"address":"aws_cloudwatch_log_group.worker","mode":"managed","type":"aws_cloudwatch_log_group","name":"worker","provider_name":"registry.terraform.io/hashicorp/aws","change":{"actions":["create"],"before":null,"after":{"kms_key_id":null,"name":"/aws/costpilot-demo/worker","retention_in_days":30,"skip_destroy":false,"tags":{"Environment":"baseline","Name":"costpilot-demo-worker-logs"},"tags_all":{"Environment":"baseline","ManagedBy":"Terraform","Name":"costpilot-demo-worker-logs","Project":"CostPilot-Demo"}},"after_unknown":{"arn":true,"id":true,"log_group_class":true,"name_prefix":true,"tags":{},"tags_all":{}},"before_sensitive":false,"after_sensitive":{"tags":{},"tags_all":{}}}},{"address":"aws_iam_instance_profile.worker","mode":"managed","type":"aws_iam_instance_profile","name":"worker","provider_name":"registry.terraform.io/hashicorp/aws","change":{"actions":["create"],"before":null,"after":{"name":"costpilot-demo-worker-profile","path":"/","role":"costpilot-demo-worker-role","tags":null,"tags_all":{"Environment":"baseline","ManagedBy":"Terraform","Project":"CostPilot-Demo"}},"after_unknown":{"arn":true,"create_date":true,"id":true,"name_prefix":true,"tags_all":{},"unique_id":true},"before_sensitive":false,"after_sensitive":{"tags_all":{}}}},{"address":"aws_iam_role.worker","mode":"managed","type":"aws_iam_role","name":"worker","provider_name":"registry.terraform.io/hashicorp/aws","change":{"actions":["create"],"before":null,"after":{"assume_role_policy":"{\"Statement\":[{\"Action\":\"sts:AssumeRole\",\"Effect\":\"Allow\",\"Principal\":{\"Service\":\"ec2.amazonaws.com\"}}],\"Version\":\"2012-10-17\"}","description":null,"force_detach_policies":false,"max_session_duration":3600,"name":"costpilot-demo-worker-role","path":"/","permissions_boundary":null,"tags":{"Name":"costpilot-demo-worker-role"},"tags_all":{"Environment":"baseline","ManagedBy":"Terraform","Name":"costpilot-demo-worker-role","Project":"CostPilot-Demo"}},"after_unknown":{"arn":true,"create_date":true,"id":true,"inline_policy":true,"managed_policy_arns":true,"name_prefix":true,"tags":{},"tags_all":{},"unique_id":true},"before_sensitive":false,"after_sensitive":{"inline_policy":[],"managed_policy_arns":[],"tags":{},"tags_all":{}}}},{"address":"aws_iam_role_policy.worker_sqs","mode":"managed","type":"aws_iam_role_policy","name":"worker_sqs","provider_name":"registry.terraform.io/hashicorp/aws","change":{"actions":["create"],"before":null,"after":{"name":"costpilot-demo-worker-sqs-policy"},"after_unknown":{"id":true,"name_prefix":true,"policy":true,"role":true},"before_sensitive":false,"after_sensitive":{}}},{"address":"aws_internet_gateway.main","mode":"managed","type":"aws_internet_gateway","name":"main","provider_name":"registry.terraform.io/hashicorp/aws","change":{"actions":["create"],"before":null,"after":{"tags":{"Name":"costpilot-demo-igw"},"tags_all":{"Environment":"baseline","ManagedBy":"Terraform","Name":"costpilot-demo-igw","Project":"CostPilot-Demo"},"timeouts":null},"after_unknown":{"arn":true,"id":true,"owner_id":true,"tags":{},"tags_all":{},"vpc_id":true},"before_sensitive":false,"after_sensitive":{"tags":{},"tags_all":{}}}},{"address":"aws_launch_template.main","mode":"managed","type":"aws_launch_template","name":"main","provider_name":"registry.terraform.io/hashicorp/aws","change":{"actions":["create"],"before":null,"after":{"block_device_mappings":[{"device_name":"/dev/xvda","ebs":[{"delete_on_termination":"true","encrypted":"true","kms_key_id":null,"snapshot_id":null,"volume_size":20,"volume_type":"gp3"}],"no_device":null,"virtual_name":null}],"capacity_reservation_specification":[],"cpu_options":[],"credit_specification":[],"description":null,"disable_api_stop":null,"disable_api_termination":null,"ebs_optimized":null,"elastic_gpu_specifications":[],"elastic_inference_accelerator":[],"enclave_options":[],"hibernation_options":[],"iam_instance_profile":[],"image_id":"ami-03f9680ef0c07a3d1","instance_initiated_shutdown_behavior":null,"instance_market_options":[],"instance_requirements":[],"instance_type":"t3.micro","kernel_id":null,"key_name":null,"license_specification":[],"maintenance_options":[],"metadata_options":[{"http_put_response_hop_limit":1,"http_tokens":"required"}],"monitoring":[],"name_prefix":"costpilot-demo-","network_interfaces":[],"placement":[],"private_dns_name_options":[],"ram_disk_id":null,"security_group_names":null,"tag_specifications":[],"tags":{"Name":"costpilot-demo-lt"},"tags_all":{"Environment":"baseline","ManagedBy":"Terraform","Name":"costpilot-demo-lt","Project":"CostPilot-Demo"},"update_default_version":null,"user_data":"IyEvYmluL2Jhc2gKeXVtIHVwZGF0ZSAteQp5dW0gaW5zdGFsbCAteSBodHRwZApzeXN0ZW1jdGwgc3RhcnQgaHR0cGQKc3lzdGVtY3RsIGVuYWJsZSBodHRwZAplY2hvICI8aDE+Q29zdFBpbG90IERlbW8gLSBCYXNlbGluZTwvaDE+IiA+IC92YXIvd3d3L2h0bWwvaW5kZXguaHRtbAo="},"after_unknown":{"arn":true,"block_device_mappings":[{"ebs":[{"iops":true,"throughput":true,"volume_initialization_rate":true}]}],"capacity_reservation_specification":[],"cpu_options":[],"credit_specification":[],"default_version":true,"elastic_gpu_specifications":[],"elastic_inference_accelerator":[],"enclave_options":[],"hibernation_options":[],"iam_instance_profile":[],"id":true,"instance_market_options":[],"instance_requirements":[],"latest_version":true,"license_specification":[],"maintenance_options":[],"metadata_options":[{"http_endpoint":true,"http_protocol_ipv6":true,"instance_metadata_tags":true}],"monitoring":[],"name":true,"network_interfaces":[],"placement":[],"private_dns_name_options":[],"tag_specifications":[],"tags":{},"tags_all":{},"vpc_security_group_ids":true},"before_sensitive":false,"after_sensitive":{"block_device_mappings":[{"ebs":[{}]}],"capacity_reservation_specification":[],"cpu_options":[],"credit_specification":[],"elastic_gpu_specifications":[],"elastic_inference_accelerator":[],"enclave_options":[],"hibernation_options":[],"iam_instance_profile":[],"instance_market_options":[],"instance_requirements":[],"license_specification":[],"maintenance_options":[],"metadata_options":[{}],"monitoring":[],"network_interfaces":[],"placement":[],"private_dns_name_options":[],"tag_specifications":[],"tags":{},"tags_all":{},"vpc_security_group_ids":[]}}},{"address":"aws_launch_template.worker","mode":"managed","type":"aws_launch_template","name":"worker","provider_name":"registry.terraform.io/hashicorp/aws","change":{"actions":["create"],"before":null,"after":{"block_device_mappings":[{"device_name":"/dev/xvda","ebs":[{"delete_on_termination":"true","encrypted":"true","kms_key_id":null,"snapshot_id":null,"volume_size":20,"volume_type":"gp3"}],"no_device":null,"virtual_name":null}],"capacity_reservation_specification":[],"cpu_options":[],"credit_specification":[],"description":null,"disable_api_stop":null,"disable_api_termination":null,"ebs_optimized":null,"elastic_gpu_specifications":[],"elastic_inference_accelerator":[],"enclave_options":[],"hibernation_options":[],"iam_instance_profile":[{"arn":null,"name":"costpilot-demo-worker-profile"}],"image_id":"ami-03f9680ef0c07a3d1","instance_initiated_shutdown_behavior":null,"instance_market_options":[],"instance_requirements":[],"instance_type":"t3.micro","kernel_id":null,"key_name":null,"license_specification":[],"maintenance_options":[],"metadata_options":[{"http_put_response_hop_limit":1,"http_tokens":"required"}],"monitoring":[],"name_prefix":"costpilot-demo-worker-","network_interfaces":[],"placement":[],"private_dns_name_options":[],"ram_disk_id":null,"security_group_names":null,"tag_specifications":[],"tags":{"Name":"costpilot-demo-worker-lt"},"tags_all":{"Environment":"baseline","ManagedBy":"Terraform","Name":"costpilot-demo-worker-lt","Project":"CostPilot-Demo"},"update_default_version":null,"user_data":"IyEvYmluL2Jhc2gKeXVtIHVwZGF0ZSAteQp5dW0gaW5zdGFsbCAteSBhd3MtY2xpCiAgICAgICAgICAgICAgCiMgU2ltdWxhdGUgYmFja2dyb3VuZCB3b3JrZXIgdGhhdCBwcm9jZXNzZXMgam9icyBmcm9tIFNRUwpjYXQgPiAvaG9tZS9lYzItdXNlci93b3JrZXIuc2ggPDwgJ1dPUktFUicKIyEvYmluL2Jhc2gKd2hpbGUgdHJ1ZTsgZG8KICBlY2hvICIkKGRhdGUpIC0gUHJvY2Vzc2luZyBqb2JzIGZyb20gcXVldWUuLi4iCiAgIyBXb3JrZXIgd291bGQgcG9sbCBTUVMgYW5kIHByb2Nlc3Mgam9icyBoZXJlCiAgc2xlZXAgMzAKZG9uZQpXT1JLRVIKICAgICAgICAgICAgICAKY2htb2QgK3ggL2hvbWUvZWMyLXVzZXIvd29ya2VyLnNoCm5vaHVwIC9ob21lL2VjMi11c2VyL3dvcmtlci5zaCA+IC92YXIvbG9nL3dvcmtlci5sb2cgMj4mMSAmCg=="},"after_unknown":{"arn":true,"block_device_mappings":[{"ebs":[{"iops":true,"throughput":true,"volume_initialization_rate":true}]}],"capacity_reservation_specification":[],"cpu_options":[],"credit_specification":[],"default_version":true,"elastic_gpu_specifications":[],"elastic_inference_accelerator":[],"enclave_options":[],"hibernation_options":[],"iam_instance_profile":[{}],"id":true,"instance_market_options":[],"instance_requirements":[],"latest_version":true,"license_specification":[],"maintenance_options":[],"metadata_options":[{"http_endpoint":true,"http_protocol_ipv6":true,"instance_metadata_tags":true}],"monitoring":[],"name":true,"network_interfaces":[],"placement":[],"private_dns_name_options":[],"tag_specifications":[],"tags":{},"tags_all":{},"vpc_security_group_ids":true},"before_sensitive":false,"after_sensitive":{"block_device_mappings":[{"ebs":[{}]}],"capacity_reservation_specification":[],"cpu_options":[],"credit_specification":[],"elastic_gpu_specifications":[],"elastic_inference_accelerator":[],"enclave_options":[],"hibernation_options":[],"iam_instance_profile":[{}],"instance_market_options":[],"instance_requirements":[],"license_specification":[],"maintenance_options":[],"metadata_options":[{}],"monitoring":[],"network_interfaces":[],"placement":[],"private_dns_name_options":[],"tag_specifications":[],"tags":{},"tags_all":{},"vpc_security_group_ids":[]}}},{"address":"aws_lb.main","mode":"managed","type":"aws_lb","name":"main","provider_name":"registry.terraform.io/hashicorp/aws","change":{"actions":["create"],"before":null,"after":{"access_logs":[],"client_keep_alive":3600,"connection_logs":[],"customer_owned_ipv4_pool":null,"desync_mitigation_mode":"defensive","dns_record_client_routing_policy":null,"drop_invalid_header_fields":false,"enable_cross_zone_load_balancing":null,"enable_deletion_protection":false,"enable_http2":true,"enable_tls_version_and_cipher_suite_headers":false,"enable_waf_fail_open":false,"enable_xff_client_port":false,"enable_zonal_shift":false,"idle_timeout":60,"internal":false,"ipam_pools":[],"load_balancer_type":"application","minimum_load_balancer_capacity":[],"name":"costpilot-demo-alb","preserve_host_header":false,"tags":{"Name":"costpilot-demo-alb"},"tags_all":{"Environment":"baseline","ManagedBy":"Terraform","Name":"costpilot-demo-alb","Project":"CostPilot-Demo"},"timeouts":null,"xff_header_processing_mode":"append"},"after_unknown":{"access_logs":[],"arn":true,"arn_suffix":true,"connection_logs":[],"dns_name":true,"enforce_security_group_inbound_rules_on_private_link_traffic":true,"id":true,"ip_address_type":true,"ipam_pools":[],"minimum_load_balancer_capacity":[],"name_prefix":true,"security_groups":true,"subnet_mapping":true,"subnets":true,"tags":{},"tags_all":{},"vpc_id":true,"zone_id":true},"before_sensitive":false,"after_sensitive":{"access_logs":[],"connection_logs":[],"ipam_pools":[],"minimum_load_balancer_capacity":[],"security_groups":[],"subnet_mapping":[],"subnets":[],"tags":{},"tags_all":{}}}},{"address":"aws_lb_listener.main","mode":"managed","type":"aws_lb_listener","name":"main","provider_name":"registry.terraform.io/hashicorp/aws","change":{"actions":["create"],"before":null,"after":{"alpn_policy":null,"certificate_arn":null,"default_action":[{"authenticate_cognito":[],"authenticate_oidc":[],"fixed_response":[],"forward":[],"redirect":[],"type":"forward"}],"port":80,"protocol":"HTTP","tags":null,"tags_all":{"Environment":"baseline","ManagedBy":"Terraform","Project":"CostPilot-Demo"},"timeouts":null},"after_unknown":{"arn":true,"default_action":[{"authenticate_cognito":[],"authenticate_oidc":[],"fixed_response":[],"forward":[],"order":true,"redirect":[],"target_group_arn":true}],"id":true,"load_balancer_arn":true,"mutual_authentication":true,"routing_http_request_x_amzn_mtls_clientcert_header_name":true,"routing_http_request_x_amzn_mtls_clientcert_issuer_header_name":true,"routing_http_request_x_amzn_mtls_clientcert_leaf_header_name":true,"routing_http_request_x_amzn_mtls_clientcert_serial_number_header_name":true,"routing_http_request_x_amzn_mtls_clientcert_subject_header_name":true,"routing_http_request_x_amzn_mtls_clientcert_validity_header_name":true,"routing_http_request_x_amzn_tls_cipher_suite_header_name":true,"routing_http_request_x_amzn_tls_version_header_name":true,"routing_http_response_access_control_allow_credentials_header_value":true,"routing_http_response_access_control_allow_headers_header_value":true,"routing_http_response_access_control_allow_methods_header_value":true,"routing_http_response_access_control_allow_origin_header_value":true,"routing_http_response_access_control_expose_headers_header_value":true,"routing_http_response_access_control_max_age_header_value":true,"routing_http_response_content_security_policy_header_value":true,"routing_http_response_server_enabled":true,"routing_http_response_strict_transport_security_header_value":true,"routing_http_response_x_content_type_options_header_value":true,"routing_http_response_x_frame_options_header_value":true,"ssl_policy":true,"tags_all":{},"tcp_idle_timeout_seconds":true},"before_sensitive":false,"after_sensitive":{"default_action":[{"authenticate_cognito":[],"authenticate_oidc":[],"fixed_response":[],"forward":[],"redirect":[]}],"mutual_authentication":[],"tags_all":{}}}},{"address":"aws_lb_target_group.main","mode":"managed","type":"aws_lb_target_group","name":"main","provider_name":"registry.terraform.io/hashicorp/aws","change":{"actions":["create"],"before":null,"after":{"deregistration_delay":"300","health_check":[{"enabled":true,"healthy_threshold":2,"interval":30,"matcher":"200","path":"/","port":"traffic-port","protocol":"HTTP","timeout":5,"unhealthy_threshold":2}],"lambda_multi_value_headers_enabled":false,"name":"costpilot-demo-tg","port":80,"protocol":"HTTP","proxy_protocol_v2":false,"slow_start":0,"tags":{"Name":"costpilot-demo-tg"},"tags_all":{"Environment":"baseline","ManagedBy":"Terraform","Name":"costpilot-demo-tg","Project":"CostPilot-Demo"},"target_type":"instance"},"after_unknown":{"arn":true,"arn_suffix":true,"connection_termination":true,"health_check":[{}],"id":true,"ip_address_type":true,"load_balancer_arns":true,"load_balancing_algorithm_type":true,"load_balancing_anomaly_mitigation":true,"load_balancing_cross_zone_enabled":true,"name_prefix":true,"preserve_client_ip":true,"protocol_version":true,"stickiness":true,"tags":{},"tags_all":{},"target_failover":true,"target_group_health":true,"target_health_state":true,"vpc_id":true},"before_sensitive":false,"after_sensitive":{"health_check":[{}],"load_balancer_arns":[],"stickiness":[],"tags":{},"tags_all":{},"target_failover":[],"target_group_health":[],"target_health_state":[]}}},{"address":"aws_route_table.public","mode":"managed","type":"aws_route_table","name":"public","provider_name":"registry.terraform.io/hashicorp/aws","change":{"actions":["create"],"before":null,"after":{"route":[{"carrier_gateway_id":"","cidr_block":"0.0.0.0/0","core_network_arn":"","destination_prefix_list_id":"","egress_only_gateway_id":"","ipv6_cidr_block":"","local_gateway_id":"","nat_gateway_id":"","network_interface_id":"","transit_gateway_id":"","vpc_endpoint_id":"","vpc_peering_connection_id":""}],"tags":{"Name":"costpilot-demo-public-rt"},"tags_all":{"Environment":"baseline","ManagedBy":"Terraform","Name":"costpilot-demo-public-rt","Project":"CostPilot-Demo"},"timeouts":null},"after_unknown":{"arn":true,"id":true,"owner_id":true,"propagating_vgws":true,"route":[{"gateway_id":true}],"tags":{},"tags_all":{},"vpc_id":true},"before_sensitive":false,"after_sensitive":{"propagating_vgws":[],"route":[{}],"tags":{},"tags_all":{}}}},{"address":"aws_route_table_association.public_a","mode":"managed","type":"aws_route_table_association","name":"public_a","provider_name":"registry.terraform.io/hashicorp/aws","change":{"actions":["create"],"before":null,"after":{"gateway_id":null,"timeouts":null},"after_unknown":{"id":true,"route_table_id":true,"subnet_id":true},"before_sensitive":false,"after_sensitive":{}}},{"address":"aws_route_table_association.public_b","mode":"managed","type":"aws_route_table_association","name":"public_b","provider_name":"registry.terraform.io/hashicorp/aws","change":{"actions":["create"],"before":null,"after":{"gateway_id":null,"timeouts":null},"after_unknown":{"id":true,"route_table_id":true,"subnet_id":true},"before_sensitive":false,"after_sensitive":{}}},{"address":"aws_s3_bucket.analytics","mode":"managed","type":"aws_s3_bucket","name":"analytics","provider_name":"registry.terraform.io/hashicorp/aws","change":{"actions":["create"],"before":null,"after":{"bucket":"costpilot-analytics-879584803102","force_destroy":false,"tags":{"Environment":"baseline","Name":"costpilot-demo-analytics","Purpose":"job-results-storage"},"tags_all":{"Environment":"baseline","ManagedBy":"Terraform","Name":"costpilot-demo-analytics","Project":"CostPilot-Demo","Purpose":"job-results-storage"},"timeouts":null},"after_unknown":{"acceleration_status":true,"acl":true,"arn":true,"bucket_domain_name":true,"bucket_prefix":true,"bucket_regional_domain_name":true,"cors_rule":true,"grant":true,"hosted_zone_id":true,"id":true,"lifecycle_rule":true,"logging":true,"object_lock_configuration":true,"object_lock_enabled":true,"policy":true,"region":true,"replication_configuration":true,"request_payer":true,"server_side_encryption_configuration":true,"tags":{},"tags_all":{},"versioning":true,"website":true,"website_domain":true,"website_endpoint":true},"before_sensitive":false,"after_sensitive":{"cors_rule":[],"grant":[],"lifecycle_rule":[],"logging":[],"object_lock_configuration":[],"replication_configuration":[],"server_side_encryption_configuration":[],"tags":{},"tags_all":{},"versioning":[],"website":[]}}},{"address":"aws_s3_bucket.main","mode":"managed","type":"aws_s3_bucket","name":"main","provider_name":"registry.terraform.io/hashicorp/aws","change":{"actions":["create"],"before":null,"after":{"bucket":"costpilot-demo-bucket-879584803102","force_destroy":false,"tags":{"Environment":"baseline","Name":"costpilot-demo-bucket"},"tags_all":{"Environment":"baseline","ManagedBy":"Terraform","Name":"costpilot-demo-bucket","Project":"CostPilot-Demo"},"timeouts":null},"after_unknown":{"acceleration_status":true,"acl":true,"arn":true,"bucket_domain_name":true,"bucket_prefix":true,"bucket_regional_domain_name":true,"cors_rule":true,"grant":true,"hosted_zone_id":true,"id":true,"lifecycle_rule":true,"logging":true,"object_lock_configuration":true,"object_lock_enabled":true,"policy":true,"region":true,"replication_configuration":true,"request_payer":true,"server_side_encryption_configuration":true,"tags":{},"tags_all":{},"versioning":true,"website":true,"website_domain":true,"website_endpoint":true},"before_sensitive":false,"after_sensitive":{"cors_rule":[],"grant":[],"lifecycle_rule":[],"logging":[],"object_lock_configuration":[],"replication_configuration":[],"server_side_encryption_configuration":[],"tags":{},"tags_all":{},"versioning":[],"website":[]}}},{"address":"aws_s3_bucket_lifecycle_configuration.analytics","mode":"managed","type":"aws_s3_bucket_lifecycle_configuration","name":"analytics","provider_name":"registry.terraform.io/hashicorp/aws","change":{"actions":["create"],"before":null,"after":{"rule":[{"abort_incomplete_multipart_upload":[],"expiration":[{"date":null,"days":365,"expired_object_delete_marker":false}],"filter":[],"id":"transition-analytics-data","noncurrent_version_expiration":[],"noncurrent_version_transition":[],"prefix":"","status":"Enabled","transition":[{"date":null,"days":30,"storage_class":"STANDARD_IA"},{"date":null,"days":90,"storage_class":"GLACIER"}]}],"timeouts":null,"transition_default_minimum_object_size":"all_storage_classes_128K"},"after_unknown":{"bucket":true,"expected_bucket_owner":true,"id":true,"rule":[{"abort_incomplete_multipart_upload":[],"expiration":[{}],"filter":[],"noncurrent_version_expiration":[],"noncurrent_version_transition":[],"transition":[{},{}]}]},"before_sensitive":false,"after_sensitive":{"rule":[{"abort_incomplete_multipart_upload":[],"expiration":[{}],"filter":[],"noncurrent_version_expiration":[],"noncurrent_version_transition":[],"transition":[{},{}]}]}}},{"address":"aws_s3_bucket_lifecycle_configuration.main","mode":"managed","type":"aws_s3_bucket_lifecycle_configuration","name":"main","provider_name":"registry.terraform.io/hashicorp/aws","change":{"actions":["create"],"before":null,"after":{"rule":[{"abort_incomplete_multipart_upload":[],"expiration":[],"filter":[],"id":"transition-old-versions","noncurrent_version_expiration":[{"newer_noncurrent_versions":null,"noncurrent_days":180}],"noncurrent_version_transition":[{"newer_noncurrent_versions":null,"noncurrent_days":30,"storage_class":"STANDARD_IA"},{"newer_noncurrent_versions":null,"noncurrent_days":90,"storage_class":"GLACIER"}],"prefix":"","status":"Enabled","transition":[]},{"abort_incomplete_multipart_upload":[],"expiration":[{"date":null,"days":365,"expired_object_delete_marker":false}],"filter":[],"id":"expire-old-objects","noncurrent_version_expiration":[],"noncurrent_version_transition":[],"prefix":"","status":"Enabled","transition":[]}],"timeouts":null,"transition_default_minimum_object_size":"all_storage_classes_128K"},"after_unknown":{"bucket":true,"expected_bucket_owner":true,"id":true,"rule":[{"abort_incomplete_multipart_upload":[],"expiration":[],"filter":[],"noncurrent_version_expiration":[{}],"noncurrent_version_transition":[{},{}],"transition":[]},{"abort_incomplete_multipart_upload":[],"expiration":[{}],"filter":[],"noncurrent_version_expiration":[],"noncurrent_version_transition":[],"transition":[]}]},"before_sensitive":false,"after_sensitive":{"rule":[{"abort_incomplete_multipart_upload":[],"expiration":[],"filter":[],"noncurrent_version_expiration":[{}],"noncurrent_version_transition":[{},{}],"transition":[]},{"abort_incomplete_multipart_upload":[],"expiration":[{}],"filter":[],"noncurrent_version_expiration":[],"noncurrent_version_transition":[],"transition":[]}]}}},{"address":"aws_s3_bucket_versioning.main","mode":"managed","type":"aws_s3_bucket_versioning","name":"main","provider_name":"registry.terraform.io/hashicorp/aws","change":{"actions":["create"],"before":null,"after":{"expected_bucket_owner":null,"mfa":null,"versioning_configuration":[{"status":"Enabled"}]},"after_unknown":{"bucket":true,"id":true,"versioning_configuration":[{"mfa_delete":true}]},"before_sensitive":false,"after_sensitive":{"versioning_configuration":[{}]}}},{"address":"aws_security_group.alb","mode":"managed","type":"aws_security_group","name":"alb","provider_name":"registry.terraform.io/hashicorp/aws","change":{"actions":["create"],"before":null,"after":{"description":"Security group for Application Load Balancer","egress":[{"cidr_blocks":["0.0.0.0/0"],"description":"All outbound traffic","from_port":0,"ipv6_cidr_blocks":[],"prefix_list_ids":[],"protocol":"-1","security_groups":[],"self":false,"to_port":0}],"ingress":[{"cidr_blocks":["0.0.0.0/0"],"description":"HTTP from anywhere","from_port":80,"ipv6_cidr_blocks":[],"prefix_list_ids":[],"protocol":"tcp","security_groups":[],"self":false,"to_port":80}],"name":"costpilot-demo-alb-sg","revoke_rules_on_delete":false,"tags":{"Name":"costpilot-demo-alb-sg"},"tags_all":{"Environment":"baseline","ManagedBy":"Terraform","Name":"costpilot-demo-alb-sg","Project":"CostPilot-Demo"},"timeouts":null},"after_unknown":{"arn":true,"egress":[{"cidr_blocks":[false],"ipv6_cidr_blocks":[],"prefix_list_ids":[],"security_groups":[]}],"id":true,"ingress":[{"cidr_blocks":[false],"ipv6_cidr_blocks":[],"prefix_list_ids":[],"security_groups":[]}],"name_prefix":true,"owner_id":true,"tags":{},"tags_all":{},"vpc_id":true},"before_sensitive":false,"after_sensitive":{"egress":[{"cidr_blocks":[false],"ipv6_cidr_blocks":[],"prefix_list_ids":[],"security_groups":[]}],"ingress":[{"cidr_blocks":[false],"ipv6_cidr_blocks":[],"prefix_list_ids":[],"security_groups":[]}],"tags":{},"tags_all":{}}}},{"address":"aws_security_group.ec2","mode":"managed","type":"aws_security_group","name":"ec2","provider_name":"registry.terraform.io/hashicorp/aws","change":{"actions":["create"],"before":null,"after":{"description":"Security group for EC2 instances","egress":[{"cidr_blocks":["0.0.0.0/0"],"description":"All outbound traffic","from_port":0,"ipv6_cidr_blocks":[],"prefix_list_ids":[],"protocol":"-1","security_groups":[],"self":false,"to_port":0}],"ingress":[{"cidr_blocks":[],"description":"HTTP from ALB","from_port":80,"ipv6_cidr_blocks":[],"prefix_list_ids":[],"protocol":"tcp","self":false,"to_port":80}],"name":"costpilot-demo-ec2-sg","revoke_rules_on_delete":false,"tags":{"Name":"costpilot-demo-ec2-sg"},"tags_all":{"Environment":"baseline","ManagedBy":"Terraform","Name":"costpilot-demo-ec2-sg","Project":"CostPilot-Demo"},"timeouts":null},"after_unknown":{"arn":true,"egress":[{"cidr_blocks":[false],"ipv6_cidr_blocks":[],"prefix_list_ids":[],"security_groups":[]}],"id":true,"ingress":[{"cidr_blocks":[],"ipv6_cidr_blocks":[],"prefix_list_ids":[],"security_groups":true}],"name_prefix":true,"owner_id":true,"tags":{},"tags_all":{},"vpc_id":true},"before_sensitive":false,"after_sensitive":{"egress":[{"cidr_blocks":[false],"ipv6_cidr_blocks":[],"prefix_list_ids":[],"security_groups":[]}],"ingress":[{"cidr_blocks":[],"ipv6_cidr_blocks":[],"prefix_list_ids":[],"security_groups":[]}],"tags":{},"tags_all":{}}}},{"address":"aws_security_group.worker","mode":"managed","type":"aws_security_group","name":"worker","provider_name":"registry.terraform.io/hashicorp/aws","change":{"actions":["create"],"before":null,"after":{"description":"Security group for background worker instances","egress":[{"cidr_blocks":["0.0.0.0/0"],"description":"All outbound traffic","from_port":0,"ipv6_cidr_blocks":[],"prefix_list_ids":[],"protocol":"-1","security_groups":[],"self":false,"to_port":0}],"name":"costpilot-demo-worker-sg","revoke_rules_on_delete":false,"tags":{"Name":"costpilot-demo-worker-sg"},"tags_all":{"Environment":"baseline","ManagedBy":"Terraform","Name":"costpilot-demo-worker-sg","Project":"CostPilot-Demo"},"timeouts":null},"after_unknown":{"arn":true,"egress":[{"cidr_blocks":[false],"ipv6_cidr_blocks":[],"prefix_list_ids":[],"security_groups":[]}],"id":true,"ingress":true,"name_prefix":true,"owner_id":true,"tags":{},"tags_all":{},"vpc_id":true},"before_sensitive":false,"after_sensitive":{"egress":[{"cidr_blocks":[false],"ipv6_cidr_blocks":[],"prefix_list_ids":[],"security_groups":[]}],"ingress":[],"tags":{},"tags_all":{}}}},{"address":"aws_sqs_queue.jobs","mode":"managed","type":"aws_sqs_queue","name":"jobs","provider_name":"registry.terraform.io/hashicorp/aws","change":{"actions":["create"],"before":null,"after":{"content_based_deduplication":false,"delay_seconds":0,"fifo_queue":false,"kms_master_key_id":null,"max_message_size":262144,"message_retention_seconds":345600,"name":"costpilot-demo-job-queue","receive_wait_time_seconds":10,"tags":{"Environment":"baseline","Name":"costpilot-demo-job-queue","Purpose":"async-job-processing"},"tags_all":{"Environment":"baseline","ManagedBy":"Terraform","Name":"costpilot-demo-job-queue","Project":"CostPilot-Demo","Purpose":"async-job-processing"},"timeouts":null,"visibility_timeout_seconds":300},"after_unknown":{"arn":true,"deduplication_scope":true,"fifo_throughput_limit":true,"id":true,"kms_data_key_reuse_period_seconds":true,"name_prefix":true,"policy":true,"redrive_allow_policy":true,"redrive_policy":true,"sqs_managed_sse_enabled":true,"tags":{},"tags_all":{},"url":true},"before_sensitive":false,"after_sensitive":{"tags":{},"tags_all":{}}}},{"address":"aws_sqs_queue.jobs_dlq","mode":"managed","type":"aws_sqs_queue","name":"jobs_dlq","provider_name":"registry.terraform.io/hashicorp/aws","change":{"actions":["create"],"before":null,"after":{"content_based_deduplication":false,"delay_seconds":0,"fifo_queue":false,"kms_master_key_id":null,"max_message_size":262144,"message_retention_seconds":1209600,"name":"costpilot-demo-job-queue-dlq","receive_wait_time_seconds":0,"tags":{"Environment":"baseline","Name":"costpilot-demo-job-queue-dlq","Purpose":"dead-letter-queue"},"tags_all":{"Environment":"baseline","ManagedBy":"Terraform","Name":"costpilot-demo-job-queue-dlq","Project":"CostPilot-Demo","Purpose":"dead-letter-queue"},"timeouts":null,"visibility_timeout_seconds":30},"after_unknown":{"arn":true,"deduplication_scope":true,"fifo_throughput_limit":true,"id":true,"kms_data_key_reuse_period_seconds":true,"name_prefix":true,"policy":true,"redrive_allow_policy":true,"redrive_policy":true,"sqs_managed_sse_enabled":true,"tags":{},"tags_all":{},"url":true},"before_sensitive":false,"after_sensitive":{"tags":{},"tags_all":{}}}},{"address":"aws_subnet.public_a","mode":"managed","type":"aws_subnet","name":"public_a","provider_name":"registry.terraform.io/hashicorp/aws","change":{"actions":["create"],"before":null,"after":{"assign_ipv6_address_on_creation":false,"availability_zone":"us-east-1a","cidr_block":"10.0.1.0/24","customer_owned_ipv4_pool":null,"enable_dns64":false,"enable_lni_at_device_index":null,"enable_resource_name_dns_a_record_on_launch":false,"enable_resource_name_dns_aaaa_record_on_launch":false,"ipv6_cidr_block":null,"ipv6_native":false,"map_customer_owned_ip_on_launch":null,"map_public_ip_on_launch":true,"outpost_arn":null,"tags":{"Name":"costpilot-demo-public-a","Type":"public"},"tags_all":{"Environment":"baseline","ManagedBy":"Terraform","Name":"costpilot-demo-public-a","Project":"CostPilot-Demo","Type":"public"},"timeouts":null},"after_unknown":{"arn":true,"availability_zone_id":true,"id":true,"ipv6_cidr_block_association_id":true,"owner_id":true,"private_dns_hostname_type_on_launch":true,"tags":{},"tags_all":{},"vpc_id":true},"before_sensitive":false,"after_sensitive":{"tags":{},"tags_all":{}}}},{"address":"aws_subnet.public_b","mode":"managed","type":"aws_subnet","name":"public_b","provider_name":"registry.terraform.io/hashicorp/aws","change":{"actions":["create"],"before":null,"after":{"assign_ipv6_address_on_creation":false,"availability_zone":"us-east-1b","cidr_block":"10.0.2.0/24","customer_owned_ipv4_pool":null,"enable_dns64":false,"enable_lni_at_device_index":null,"enable_resource_name_dns_a_record_on_launch":false,"enable_resource_name_dns_aaaa_record_on_launch":false,"ipv6_cidr_block":null,"ipv6_native":false,"map_customer_owned_ip_on_launch":null,"map_public_ip_on_launch":true,"outpost_arn":null,"tags":{"Name":"costpilot-demo-public-b","Type":"public"},"tags_all":{"Environment":"baseline","ManagedBy":"Terraform","Name":"costpilot-demo-public-b","Project":"CostPilot-Demo","Type":"public"},"timeouts":null},"after_unknown":{"arn":true,"availability_zone_id":true,"id":true,"ipv6_cidr_block_association_id":true,"owner_id":true,"private_dns_hostname_type_on_launch":true,"tags":{},"tags_all":{},"vpc_id":true},"before_sensitive":false,"after_sensitive":{"tags":{},"tags_all":{}}}},{"address":"aws_vpc.main","mode":"managed","type":"aws_vpc","name":"main","provider_name":"registry.terraform.io/hashicorp/aws","change":{"actions":["create"],"before":null,"after":{"assign_generated_ipv6_cidr_block":null,"cidr_block":"10.0.0.0/16","enable_dns_hostnames":true,"enable_dns_support":true,"instance_tenancy":"default","ipv4_ipam_pool_id":null,"ipv4_netmask_length":null,"ipv6_ipam_pool_id":null,"ipv6_netmask_length":null,"tags":{"Name":"costpilot-demo-vpc"},"tags_all":{"Environment":"baseline","ManagedBy":"Terraform","Name":"costpilot-demo-vpc","Project":"CostPilot-Demo"}},"after_unknown":{"arn":true,"default_network_acl_id":true,"default_route_table_id":true,"default_security_group_id":true,"dhcp_options_id":true,"enable_network_address_usage_metrics":true,"id":true,"ipv6_association_id":true,"ipv6_cidr_block":true,"ipv6_cidr_block_network_border_group":true,"main_route_table_id":true,"owner_id":true,"tags":{},"tags_all":{}},"before_sensitive":false,"after_sensitive":{"tags":{},"tags_all":{}}}}],"output_changes":{"alb_arn":{"actions":["create"],"before":null,"after_unknown":true,"before_sensitive":false,"after_sensitive":false},"alb_dns_name":{"actions":["create"],"before":null,"after_unknown":true,"before_sensitive":false,"after_sensitive":false},"autoscaling_group_name":{"actions":["create"],"before":null,"after":"costpilot-demo-asg","after_unknown":false,"before_sensitive":false,"after_sensitive":false},"cloudwatch_log_group_arn":{"actions":["create"],"before":null,"after_unknown":true,"before_sensitive":false,"after_sensitive":false},"cloudwatch_log_group_name":{"actions":["create"],"before":null,"after":"/aws/costpilot-demo/application","after_unknown":false,"before_sensitive":false,"after_sensitive":false},"ebs_volume_size":{"actions":["create"],"before":null,"after":20,"after_unknown":false,"before_sensitive":false,"after_sensitive":false},"instance_type":{"actions":["create"],"before":null,"after":"t3.micro","after_unknown":false,"before_sensitive":false,"after_sensitive":false},"log_retention_days":{"actions":["create"],"before":null,"after":30,"after_unknown":false,"before_sensitive":false,"after_sensitive":false},"s3_bucket_arn":{"actions":["create"],"before":null,"after_unknown":true,"before_sensitive":false,"after_sensitive":false},"s3_bucket_name":{"actions":["create"],"before":null,"after_unknown":true,"before_sensitive":false,"after_sensitive":false},"target_group_arn":{"actions":["create"],"before":null,"after_unknown":true,"before_sensitive":false,"after_sensitive":false},"vpc_id":{"actions":["create"],"before":null,"after_unknown":true,"before_sensitive":false,"after_sensitive":false}},"prior_state":{"format_version":"1.0","terraform_version":"1.6.0","values":{"outputs":{"autoscaling_group_name":{"sensitive":false,"value":"costpilot-demo-asg","type":"string"},"cloudwatch_log_group_name":{"sensitive":false,"value":"/aws/costpilot-demo/application","type":"string"},"ebs_volume_size":{"sensitive":false,"value":20,"type":"number"},"instance_type":{"sensitive":false,"value":"t3.micro","type":"string"},"log_retention_days":{"sensitive":false,"value":30,"type":"number"}},"root_module":{"resources":[{"address":"data.aws_ami.amazon_linux_2","mode":"data","type":"aws_ami","name":"amazon_linux_2","provider_name":"registry.terraform.io/hashicorp/aws","schema_version":0,"values":{"architecture":"x86_64","arn":"arn:aws:ec2:us-east-1::image/ami-03f9680ef0c07a3d1","block_device_mappings":[{"device_name":"/dev/xvda","ebs":{"delete_on_termination":"true","encrypted":"false","iops":"0","snapshot_id":"snap-0b794a1966c45ee7d","throughput":"0","volume_initialization_rate":"0","volume_size":"8","volume_type":"gp2"},"no_device":"","virtual_name":""}],"boot_mode":"","creation_date":"2025-12-03T22:53:36.000Z","deprecation_time":"2026-03-03T00:00:00.000Z","description":"Amazon Linux 2 AMI 2.0.20251208.0 x86_64 HVM gp2","ena_support":true,"executable_users":null,"filter":[{"name":"name","values":["amzn2-ami-hvm-*-x86_64-gp2"]},{"name":"virtualization-type","values":["hvm"]}],"hypervisor":"xen","id":"ami-03f9680ef0c07a3d1","image_id":"ami-03f9680ef0c07a3d1","image_location":"amazon/amzn2-ami-hvm-2.0.20251208.0-x86_64-gp2","image_owner_alias":"amazon","image_type":"machine","imds_support":"","include_deprecated":false,"kernel_id":"","last_launched_time":"","most_recent":true,"name":"amzn2-ami-hvm-2.0.20251208.0-x86_64-gp2","name_regex":null,"owner_id":"137112412989","owners":["amazon"],"platform":"","platform_details":"Linux/UNIX","product_codes":[],"public":true,"ramdisk_id":"","root_device_name":"/dev/xvda","root_device_type":"ebs","root_snapshot_id":"snap-0b794a1966c45ee7d","sriov_net_support":"simple","state":"available","state_reason":{"code":"UNSET","message":"UNSET"},"tags":{},"timeouts":null,"tpm_support":"","uefi_data":null,"usage_operation":"RunInstances","virtualization_type":"hvm"},"sensitive_values":{"block_device_mappings":[{"ebs":{}}],"filter":[{"values":[false]},{"values":[false]}],"owners":[false],"product_codes":[],"state_reason":{},"tags":{}}},{"address":"data.aws_caller_identity.current","mode":"data","type":"aws_caller_identity","name":"current","provider_name":"registry.terraform.io/hashicorp/aws","schema_version":0,"values":{"account_id":"879584803102","arn":"arn:aws:iam::879584803102:user/cli-user","id":"879584803102","user_id":"AIDA4ZS2W7EPLG3V45XX5"},"sensitive_values":{}}]}}},"configuration":{"provider_config":{"aws":{"name":"aws","full_name":"registry.terraform.io/hashicorp/aws","version_constraint":"~\u003e 5.0","expressions":{"default_tags":[{"tags":{"constant_value":{"Environment":"baseline","ManagedBy":"Terraform","Project":"CostPilot-Demo"}}}],"region":{"references":["var.aws_region"]}}}},"root_module":{"outputs":{"alb_arn":{"expression":{"references":["aws_lb.main.arn","aws_lb.main"]},"description":"ARN of the Application Load Balancer"},"alb_dns_name":{"expression":{"references":["aws_lb.main.dns_name","aws_lb.main"]},"description":"DNS name of the Application Load Balancer"},"autoscaling_group_name":{"expression":{"references":["aws_autoscaling_group.main.name","aws_autoscaling_group.main"]},"description":"Name of the Auto Scaling Group"},"cloudwatch_log_group_arn":{"expression":{"references":["aws_cloudwatch_log_group.application.arn","aws_cloudwatch_log_group.application"]},"description":"ARN of the CloudWatch Log Group"},"cloudwatch_log_group_name":{"expression":{"references":["aws_cloudwatch_log_group.application.name","aws_cloudwatch_log_group.application"]},"description":"Name of the CloudWatch Log Group"},"ebs_volume_size":{"expression":{"constant_value":20},"description":"EBS volume size in GB"},"instance_type":{"expression":{"constant_value":"t3.micro"},"description":"EC2 instance type used"},"log_retention_days":{"expression":{"constant_value":30},"description":"CloudWatch log retention in days"},"s3_bucket_arn":{"expression":{"references":["aws_s3_bucket.main.arn","aws_s3_bucket.main"]},"description":"ARN of the S3 bucket"},"s3_bucket_name":{"expression":{"references":["aws_s3_bucket.main.id","aws_s3_bucket.main"]},"description":"Name of the S3 bucket"},"target_group_arn":{"expression":{"references":["aws_lb_target_group.main.arn","aws_lb_target_group.main"]},"description":"ARN of the Target Group"},"vpc_id":{"expression":{"references":["aws_vpc.main.id","aws_vpc.main"]},"description":"ID of the VPC"}},"resources":[{"address":"aws_autoscaling_group.main","mode":"managed","type":"aws_autoscaling_group","name":"main","provider_config_key":"aws","expressions":{"desired_capacity":{"constant_value":2},"health_check_grace_period":{"constant_value":300},"health_check_type":{"constant_value":"ELB"},"launch_template":[{"id":{"references":["aws_launch_template.main.id","aws_launch_template.main"]},"version":{"constant_value":"$Latest"}}],"max_size":{"constant_value":4},"min_size":{"constant_value":2},"name":{"constant_value":"costpilot-demo-asg"},"tag":[{"key":{"constant_value":"Name"},"propagate_at_launch":{"constant_value":true},"value":{"constant_value":"costpilot-demo-instance"}},{"key":{"constant_value":"Environment"},"propagate_at_launch":{"constant_value":true},"value":{"constant_value":"baseline"}}],"target_group_arns":{"references":["aws_lb_target_group.main.arn","aws_lb_target_group.main"]},"vpc_zone_identifier":{"references":["aws_subnet.public_a.id","aws_subnet.public_a","aws_subnet.public_b.id","aws_subnet.public_b"]}},"schema_version":1},{"address":"aws_autoscaling_group.worker","mode":"managed","type":"aws_autoscaling_group","name":"worker","provider_config_key":"aws","expressions":{"desired_capacity":{"constant_value":1},"health_check_type":{"constant_value":"EC2"},"launch_template":[{"id":{"references":["aws_launch_template.worker.id","aws_launch_template.worker"]},"version":{"constant_value":"$Latest"}}],"max_size":{"constant_value":2},"min_size":{"constant_value":1},"name":{"constant_value":"costpilot-demo-worker-asg"},"tag":[{"key":{"constant_value":"Name"},"propagate_at_launch":{"constant_value":true},"value":{"constant_value":"costpilot-demo-worker"}},{"key":{"constant_value":"Role"},"propagate_at_launch":{"constant_value":true},"value":{"constant_value":"background-worker"}}],"vpc_zone_identifier":{"references":["aws_subnet.public_a.id","aws_subnet.public_a","aws_subnet.public_b.id","aws_subnet.public_b"]}},"schema_version":1},{"address":"aws_cloudwatch_log_group.application","mode":"managed","type":"aws_cloudwatch_log_group","name":"application","provider_config_key":"aws","expressions":{"name":{"constant_value":"/aws/costpilot-demo/application"},"retention_in_days":{"constant_value":30},"tags":{"constant_value":{"Environment":"baseline","Name":"costpilot-demo-logs"}}},"schema_version":0},{"address":"aws_cloudwatch_log_group.worker","mode":"managed","type":"aws_cloudwatch_log_group","name":"worker","provider_config_key":"aws","expressions":{"name":{"constant_value":"/aws/costpilot-demo/worker"},"retention_in_days":{"constant_value":30},"tags":{"constant_value":{"Environment":"baseline","Name":"costpilot-demo-worker-logs"}}},"schema_version":0},{"address":"aws_iam_instance_profile.worker","mode":"managed","type":"aws_iam_instance_profile","name":"worker","provider_config_key":"aws","expressions":{"name":{"constant_value":"costpilot-demo-worker-profile"},"role":{"references":["aws_iam_role.worker.name","aws_iam_role.worker"]}},"schema_version":0},{"address":"aws_iam_role.worker","mode":"managed","type":"aws_iam_role","name":"worker","provider_config_key":"aws","expressions":{"assume_role_policy":{},"name":{"constant_value":"costpilot-demo-worker-role"},"tags":{"constant_value":{"Name":"costpilot-demo-worker-role"}}},"schema_version":0},{"address":"aws_iam_role_policy.worker_sqs","mode":"managed","type":"aws_iam_role_policy","name":"worker_sqs","provider_config_key":"aws","expressions":{"name":{"constant_value":"costpilot-demo-worker-sqs-policy"},"policy":{"references":["aws_sqs_queue.jobs.arn","aws_sqs_queue.jobs","aws_s3_bucket.analytics.arn","aws_s3_bucket.analytics"]},"role":{"references":["aws_iam_role.worker.id","aws_iam_role.worker"]}},"schema_version":0},{"address":"aws_internet_gateway.main","mode":"managed","type":"aws_internet_gateway","name":"main","provider_config_key":"aws","expressions":{"tags":{"constant_value":{"Name":"costpilot-demo-igw"}},"vpc_id":{"references":["aws_vpc.main.id","aws_vpc.main"]}},"schema_version":0},{"address":"aws_launch_template.main","mode":"managed","type":"aws_launch_template","name":"main","provider_config_key":"aws","expressions":{"block_device_mappings":[{"device_name":{"constant_value":"/dev/xvda"},"ebs":[{"delete_on_termination":{"constant_value":true},"encrypted":{"constant_value":true},"volume_size":{"constant_value":20},"volume_type":{"constant_value":"gp3"}}]}],"image_id":{"references":["data.aws_ami.amazon_linux_2.id","data.aws_ami.amazon_linux_2"]},"instance_type":{"constant_value":"t3.micro"},"metadata_options":[{"http_put_response_hop_limit":{"constant_value":1},"http_tokens":{"constant_value":"required"}}],"name_prefix":{"constant_value":"costpilot-demo-"},"tags":{"constant_value":{"Name":"costpilot-demo-lt"}},"user_data":{},"vpc_security_group_ids":{"references":["aws_security_group.ec2.id","aws_security_group.ec2"]}},"schema_version":0},{"address":"aws_launch_template.worker","mode":"managed","type":"aws_launch_template","name":"worker","provider_config_key":"aws","expressions":{"block_device_mappings":[{"device_name":{"constant_value":"/dev/xvda"},"ebs":[{"delete_on_termination":{"constant_value":true},"encrypted":{"constant_value":true},"volume_size":{"constant_value":20},"volume_type":{"constant_value":"gp3"}}]}],"iam_instance_profile":[{"name":{"references":["aws_iam_instance_profile.worker.name","aws_iam_instance_profile.worker"]}}],"image_id":{"references":["data.aws_ami.amazon_linux_2.id","data.aws_ami.amazon_linux_2"]},"instance_type":{"constant_value":"t3.micro"},"metadata_options":[{"http_put_response_hop_limit":{"constant_value":1},"http_tokens":{"constant_value":"required"}}],"name_prefix":{"constant_value":"costpilot-demo-worker-"},"tags":{"constant_value":{"Name":"costpilot-demo-worker-lt"}},"user_data":{},"vpc_security_group_ids":{"references":["aws_security_group.worker.id","aws_security_group.worker"]}},"schema_version":0},{"address":"aws_lb.main","mode":"managed","type":"aws_lb","name":"main","provider_config_key":"aws","expressions":{"enable_deletion_protection":{"constant_value":false},"internal":{"constant_value":false},"load_balancer_type":{"constant_value":"application"},"name":{"constant_value":"costpilot-demo-alb"},"security_groups":{"references":["aws_security_group.alb.id","aws_security_group.alb"]},"subnets":{"references":["aws_subnet.public_a.id","aws_subnet.public_a","aws_subnet.public_b.id","aws_subnet.public_b"]},"tags":{"constant_value":{"Name":"costpilot-demo-alb"}}},"schema_version":0},{"address":"aws_lb_listener.main","mode":"managed","type":"aws_lb_listener","name":"main","provider_config_key":"aws","expressions":{"default_action":[{"target_group_arn":{"references":["aws_lb_target_group.main.arn","aws_lb_target_group.main"]},"type":{"constant_value":"forward"}}],"load_balancer_arn":{"references":["aws_lb.main.arn","aws_lb.main"]},"port":{"constant_value":"80"},"protocol":{"constant_value":"HTTP"}},"schema_version":0},{"address":"aws_lb_target_group.main","mode":"managed","type":"aws_lb_target_group","name":"main","provider_config_key":"aws","expressions":{"health_check":[{"enabled":{"constant_value":true},"healthy_threshold":{"constant_value":2},"interval":{"constant_value":30},"matcher":{"constant_value":"200"},"path":{"constant_value":"/"},"port":{"constant_value":"traffic-port"},"protocol":{"constant_value":"HTTP"},"timeout":{"constant_value":5},"unhealthy_threshold":{"constant_value":2}}],"name":{"constant_value":"costpilot-demo-tg"},"port":{"constant_value":80},"protocol":{"constant_value":"HTTP"},"tags":{"constant_value":{"Name":"costpilot-demo-tg"}},"vpc_id":{"references":["aws_vpc.main.id","aws_vpc.main"]}},"schema_version":0},{"address":"aws_route_table.public","mode":"managed","type":"aws_route_table","name":"public","provider_config_key":"aws","expressions":{"route":{"references":["aws_internet_gateway.main.id","aws_internet_gateway.main"]},"tags":{"constant_value":{"Name":"costpilot-demo-public-rt"}},"vpc_id":{"references":["aws_vpc.main.id","aws_vpc.main"]}},"schema_version":0},{"address":"aws_route_table_association.public_a","mode":"managed","type":"aws_route_table_association","name":"public_a","provider_config_key":"aws","expressions":{"route_table_id":{"references":["aws_route_table.public.id","aws_route_table.public"]},"subnet_id":{"references":["aws_subnet.public_a.id","aws_subnet.public_a"]}},"schema_version":0},{"address":"aws_route_table_association.public_b","mode":"managed","type":"aws_route_table_association","name":"public_b","provider_config_key":"aws","expressions":{"route_table_id":{"references":["aws_route_table.public.id","aws_route_table.public"]},"subnet_id":{"references":["aws_subnet.public_b.id","aws_subnet.public_b"]}},"schema_version":0},{"address":"aws_s3_bucket.analytics","mode":"managed","type":"aws_s3_bucket","name":"analytics","provider_config_key":"aws","expressions":{"bucket":{"references":["var.project_name","data.aws_caller_identity.current.account_id","data.aws_caller_identity.current"]},"tags":{"constant_value":{"Environment":"baseline","Name":"costpilot-demo-analytics","Purpose":"job-results-storage"}}},"schema_version":0},{"address":"aws_s3_bucket.main","mode":"managed","type":"aws_s3_bucket","name":"main","provider_config_key":"aws","expressions":{"bucket":{"references":["var.project_name","data.aws_caller_identity.current.account_id","data.aws_caller_identity.current"]},"tags":{"constant_value":{"Environment":"baseline","Name":"costpilot-demo-bucket"}}},"schema_version":0},{"address":"aws_s3_bucket_lifecycle_configuration.analytics","mode":"managed","type":"aws_s3_bucket_lifecycle_configuration","name":"analytics","provider_config_key":"aws","expressions":{"bucket":{"references":["aws_s3_bucket.analytics.id","aws_s3_bucket.analytics"]},"rule":[{"expiration":[{"days":{"constant_value":365}}],"id":{"constant_value":"transition-analytics-data"},"status":{"constant_value":"Enabled"},"transition":[{"days":{"constant_value":30},"storage_class":{"constant_value":"STANDARD_IA"}},{"days":{"constant_value":90},"storage_class":{"constant_value":"GLACIER"}}]}]},"schema_version":1},{"address":"aws_s3_bucket_lifecycle_configuration.main","mode":"managed","type":"aws_s3_bucket_lifecycle_configuration","name":"main","provider_config_key":"aws","expressions":{"bucket":{"references":["aws_s3_bucket.main.id","aws_s3_bucket.main"]},"rule":[{"id":{"constant_value":"transition-old-versions"},"noncurrent_version_expiration":[{"noncurrent_days":{"constant_value":180}}],"noncurrent_version_transition":[{"noncurrent_days":{"constant_value":30},"storage_class":{"constant_value":"STANDARD_IA"}},{"noncurrent_days":{"constant_value":90},"storage_class":{"constant_value":"GLACIER"}}],"status":{"constant_value":"Enabled"}},{"expiration":[{"days":{"constant_value":365}}],"id":{"constant_value":"expire-old-objects"},"status":{"constant_value":"Enabled"}}]},"schema_version":1},{"address":"aws_s3_bucket_versioning.main","mode":"managed","type":"aws_s3_bucket_versioning","name":"main","provider_config_key":"aws","expressions":{"bucket":{"references":["aws_s3_bucket.main.id","aws_s3_bucket.main"]},"versioning_configuration":[{"status":{"constant_value":"Enabled"}}]},"schema_version":0},{"address":"aws_security_group.alb","mode":"managed","type":"aws_security_group","name":"alb","provider_config_key":"aws","expressions":{"description":{"constant_value":"Security group for Application Load Balancer"},"egress":{"constant_value":[{"cidr_blocks":["0.0.0.0/0"],"description":"All outbound traffic","from_port":0,"ipv6_cidr_blocks":null,"prefix_list_ids":null,"protocol":"-1","security_groups":null,"self":null,"to_port":0}]},"ingress":{"constant_value":[{"cidr_blocks":["0.0.0.0/0"],"description":"HTTP from anywhere","from_port":80,"ipv6_cidr_blocks":null,"prefix_list_ids":null,"protocol":"tcp","security_groups":null,"self":null,"to_port":80}]},"name":{"constant_value":"costpilot-demo-alb-sg"},"tags":{"constant_value":{"Name":"costpilot-demo-alb-sg"}},"vpc_id":{"references":["aws_vpc.main.id","aws_vpc.main"]}},"schema_version":1},{"address":"aws_security_group.ec2","mode":"managed","type":"aws_security_group","name":"ec2","provider_config_key":"aws","expressions":{"description":{"constant_value":"Security group for EC2 instances"},"egress":{"constant_value":[{"cidr_blocks":["0.0.0.0/0"],"description":"All outbound traffic","from_port":0,"ipv6_cidr_blocks":null,"prefix_list_ids":null,"protocol":"-1","security_groups":null,"self":null,"to_port":0}]},"ingress":{"references":["aws_security_group.alb.id","aws_security_group.alb"]},"name":{"constant_value":"costpilot-demo-ec2-sg"},"tags":{"constant_value":{"Name":"costpilot-demo-ec2-sg"}},"vpc_id":{"references":["aws_vpc.main.id","aws_vpc.main"]}},"schema_version":1},{"address":"aws_security_group.worker","mode":"managed","type":"aws_security_group","name":"worker","provider_config_key":"aws","expressions":{"description":{"constant_value":"Security group for background worker instances"},"egress":{"constant_value":[{"cidr_blocks":["0.0.0.0/0"],"description":"All outbound traffic","from_port":0,"ipv6_cidr_blocks":null,"prefix_list_ids":null,"protocol":"-1","security_groups":null,"self":null,"to_port":0}]},"name":{"constant_value":"costpilot-demo-worker-sg"},"tags":{"constant_value":{"Name":"costpilot-demo-worker-sg"}},"vpc_id":{"references":["aws_vpc.main.id","aws_vpc.main"]}},"schema_version":1},{"address":"aws_sqs_queue.jobs","mode":"managed","type":"aws_sqs_queue","name":"jobs","provider_config_key":"aws","expressions":{"delay_seconds":{"constant_value":0},"max_message_size":{"constant_value":262144},"message_retention_seconds":{"constant_value":345600},"name":{"constant_value":"costpilot-demo-job-queue"},"receive_wait_time_seconds":{"constant_value":10},"tags":{"constant_value":{"Environment":"baseline","Name":"costpilot-demo-job-queue","Purpose":"async-job-processing"}},"visibility_timeout_seconds":{"constant_value":300}},"schema_version":0},{"address":"aws_sqs_queue.jobs_dlq","mode":"managed","type":"aws_sqs_queue","name":"jobs_dlq","provider_config_key":"aws","expressions":{"message_retention_seconds":{"constant_value":1209600},"name":{"constant_value":"costpilot-demo-job-queue-dlq"},"tags":{"constant_value":{"Environment":"baseline","Name":"costpilot-demo-job-queue-dlq","Purpose":"dead-letter-queue"}}},"schema_version":0},{"address":"aws_subnet.public_a","mode":"managed","type":"aws_subnet","name":"public_a","provider_config_key":"aws","expressions":{"availability_zone":{"references":["var.aws_region"]},"cidr_block":{"constant_value":"10.0.1.0/24"},"map_public_ip_on_launch":{"constant_value":true},"tags":{"constant_value":{"Name":"costpilot-demo-public-a","Type":"public"}},"vpc_id":{"references":["aws_vpc.main.id","aws_vpc.main"]}},"schema_version":1},{"address":"aws_subnet.public_b","mode":"managed","type":"aws_subnet","name":"public_b","provider_config_key":"aws","expressions":{"availability_zone":{"references":["var.aws_region"]},"cidr_block":{"constant_value":"10.0.2.0/24"},"map_public_ip_on_launch":{"constant_value":true},"tags":{"constant_value":{"Name":"costpilot-demo-public-b","Type":"public"}},"vpc_id":{"references":["aws_vpc.main.id","aws_vpc.main"]}},"schema_version":1},{"address":"aws_vpc.main","mode":"managed","type":"aws_vpc","name":"main","provider_config_key":"aws","expressions":{"cidr_block":{"constant_value":"10.0.0.0/16"},"enable_dns_hostnames":{"constant_value":true},"enable_dns_support":{"constant_value":true},"tags":{"constant_value":{"Name":"costpilot-demo-vpc"}}},"schema_version":1},{"address":"data.aws_ami.amazon_linux_2","mode":"data","type":"aws_ami","name":"amazon_linux_2","provider_config_key":"aws","expressions":{"filter":[{"name":{"constant_value":"name"},"values":{"constant_value":["amzn2-ami-hvm-*-x86_64-gp2"]}},{"name":{"constant_value":"virtualization-type"},"values":{"constant_value":["hvm"]}}],"most_recent":{"constant_value":true},"owners":{"constant_value":["amazon"]}},"schema_version":0},{"address":"data.aws_caller_identity.current","mode":"data","type":"aws_caller_identity","name":"current","provider_config_key":"aws","schema_version":0}],"variables":{"aws_region":{"default":"us-east-1","description":"AWS region for resources"},"environment":{"default":"baseline","description":"Environment name"},"project_name":{"default":"costpilot","description":"Project name for resource naming"}}}},"relevant_attributes":[{"resource":"aws_internet_gateway.main","attribute":["id"]},{"resource":"aws_subnet.public_b","attribute":["id"]},{"resource":"aws_iam_role.worker","attribute":["name"]},{"resource":"aws_security_group.worker","attribute":["id"]},{"resource":"aws_launch_template.worker","attribute":["id"]},{"resource":"aws_s3_bucket.main","attribute":["arn"]},{"resource":"data.aws_caller_identity.current","attribute":["account_id"]},{"resource":"aws_s3_bucket.analytics","attribute":["id"]},{"resource":"aws_lb.main","attribute":["dns_name"]},{"resource":"aws_route_table.public","attribute":["id"]},{"resource":"aws_subnet.public_a","attribute":["id"]},{"resource":"aws_lb_target_group.main","attribute":["arn"]},{"resource":"aws_s3_bucket.analytics","attribute":["arn"]},{"resource":"data.aws_ami.amazon_linux_2","attribute":["id"]},{"resource":"aws_cloudwatch_log_group.application","attribute":["name"]},{"resource":"aws_vpc.main","attribute":["id"]},{"resource":"aws_lb.main","attribute":["arn"]},{"resource":"aws_iam_role.worker","attribute":["id"]},{"resource":"aws_iam_instance_profile.worker","attribute":["name"]},{"resource":"aws_cloudwatch_log_group.application","attribute":["arn"]},{"resource":"aws_autoscaling_group.main","attribute":["name"]},{"resource":"aws_sqs_queue.jobs","attribute":["arn"]},{"resource":"aws_security_group.ec2","attribute":["id"]},{"resource":"aws_launch_template.main","attribute":["id"]},{"resource":"aws_security_group.alb","attribute":["id"]},{"resource":"aws_s3_bucket.main","attribute":["id"]}],"timestamp":"2025-12-23T10:52:47Z","errored":false}
