{"format_version":"1.2","terraform_version":"1.6.0","planned_values":{"root_module":{"resources":[{"address":"aws_db_instance.galactic_threat_database","mode":"managed","type":"aws_db_instance","name":"galactic_threat_database","provider_name":"registry.terraform.io/hashicorp/aws","schema_version":2,"values":{"allocated_storage":1000,"allow_major_version_upgrade":null,"apply_immediately":false,"auto_minor_version_upgrade":true,"backup_retention_period":7,"backup_window":"02:00-03:00","blue_green_update":[],"copy_tags_to_snapshot":false,"custom_iam_instance_profile":null,"customer_owned_ip_enabled":null,"db_subnet_group_name":"galactic-db-subnet","dedicated_log_volume":false,"delete_automated_backups":true,"deletion_protection":null,"domain":null,"domain_auth_secret_arn":null,"domain_dns_ips":null,"domain_iam_role_name":null,"domain_ou":null,"enabled_cloudwatch_logs_exports":null,"engine":"mysql","engine_version":"8.0","final_snapshot_identifier":null,"iam_database_authentication_enabled":null,"identifier":"galactic-threat-db","instance_class":"db.r6i.8xlarge","iops":12000,"maintenance_window":"sun:03:00-sun:04:00","manage_master_user_password":null,"max_allocated_storage":null,"monitoring_interval":0,"password":"SuperSecureAlienPass2024!","password_wo":null,"password_wo_version":null,"performance_insights_enabled":false,"publicly_accessible":false,"replicate_source_db":null,"restore_to_point_in_time":[],"s3_import":[],"skip_final_snapshot":true,"storage_encrypted":null,"storage_type":"gp3","tags":{"Application":"threat-intelligence","Environment":"production","Name":"galactic-threat-database","Purpose":"store-alien-threat-data"},"tags_all":{"Application":"threat-intelligence","Environment":"production","Name":"galactic-threat-database","Purpose":"store-alien-threat-data"},"timeouts":null,"upgrade_storage_config":null,"username":"alien_hunter"},"sensitive_values":{"blue_green_update":[],"listener_endpoint":[],"master_user_secret":[],"replicas":[],"restore_to_point_in_time":[],"s3_import":[],"tags":{},"tags_all":{},"vpc_security_group_ids":[]}},{"address":"aws_db_subnet_group.galactic_db","mode":"managed","type":"aws_db_subnet_group","name":"galactic_db","provider_name":"registry.terraform.io/hashicorp/aws","schema_version":0,"values":{"description":"Managed by Terraform","name":"galactic-db-subnet","tags":{"Environment":"production","Name":"galactic-db-subnet"},"tags_all":{"Environment":"production","Name":"galactic-db-subnet"}},"sensitive_values":{"subnet_ids":[],"supported_network_types":[],"tags":{},"tags_all":{}}},{"address":"aws_ebs_volume.alien_artifact_storage","mode":"managed","type":"aws_ebs_volume","name":"alien_artifact_storage","provider_name":"registry.terraform.io/hashicorp/aws","schema_version":0,"values":{"availability_zone":"us-east-1a","final_snapshot":false,"multi_attach_enabled":null,"outpost_arn":null,"size":500,"tags":{"Environment":"production","Name":"alien-artifact-storage","Purpose":"store-captured-alien-artifacts"},"tags_all":{"Environment":"production","Name":"alien-artifact-storage","Purpose":"store-captured-alien-artifacts"},"timeouts":null,"type":"gp3"},"sensitive_values":{"tags":{},"tags_all":{}}},{"address":"aws_ebs_volume.unused_alien_data","mode":"managed","type":"aws_ebs_volume","name":"unused_alien_data","provider_name":"registry.terraform.io/hashicorp/aws","schema_version":0,"values":{"availability_zone":"us-east-1a","final_snapshot":false,"multi_attach_enabled":null,"outpost_arn":null,"size":100,"tags":{"Environment":"production","Name":"unused-alien-data-volume","Purpose":"backup-unused-alien-data"},"tags_all":{"Environment":"production","Name":"unused-alien-data-volume","Purpose":"backup-unused-alien-data"},"timeouts":null,"type":"gp3"},"sensitive_values":{"tags":{},"tags_all":{}}},{"address":"aws_eip.alien_monitoring_eip","mode":"managed","type":"aws_eip","name":"alien_monitoring_eip","provider_name":"registry.terraform.io/hashicorp/aws","schema_version":0,"values":{"address":null,"associate_with_private_ip":null,"customer_owned_ipv4_pool":null,"domain":"vpc","tags":{"Environment":"production","Name":"alien-monitoring-eip"},"tags_all":{"Environment":"production","Name":"alien-monitoring-eip"},"timeouts":null},"sensitive_values":{"tags":{},"tags_all":{}}},{"address":"aws_eip.alien_monitoring_eip2","mode":"managed","type":"aws_eip","name":"alien_monitoring_eip2","provider_name":"registry.terraform.io/hashicorp/aws","schema_version":0,"values":{"address":null,"associate_with_private_ip":null,"customer_owned_ipv4_pool":null,"domain":"vpc","tags":{"Environment":"production","Name":"alien-monitoring-eip-2"},"tags_all":{"Environment":"production","Name":"alien-monitoring-eip-2"},"timeouts":null},"sensitive_values":{"tags":{},"tags_all":{}}},{"address":"aws_eip.unused_alien_eip","mode":"managed","type":"aws_eip","name":"unused_alien_eip","provider_name":"registry.terraform.io/hashicorp/aws","schema_version":0,"values":{"address":null,"associate_with_private_ip":null,"customer_owned_ipv4_pool":null,"domain":"vpc","tags":{"Environment":"production","Name":"unused-alien-eip","Purpose":"spare-alien-communication-ip"},"tags_all":{"Environment":"production","Name":"unused-alien-eip","Purpose":"spare-alien-communication-ip"},"timeouts":null},"sensitive_values":{"tags":{},"tags_all":{}}},{"address":"aws_instance.intergalactic_communications","mode":"managed","type":"aws_instance","name":"intergalactic_communications","provider_name":"registry.terraform.io/hashicorp/aws","schema_version":1,"values":{"ami":"ami-0c7217cdde317cfec","credit_specification":[],"get_password_data":false,"hibernation":null,"instance_type":"m6i.16xlarge","launch_template":[],"root_block_device":[{"delete_on_termination":true,"tags":null,"volume_size":300,"volume_type":"gp3"}],"source_dest_check":true,"tags":{"Application":"alien-communicator","Environment":"development","Name":"intergalactic-communications-array","Purpose":"broadcast-defense-coordinates-to-friendly-ETs"},"tags_all":{"Application":"alien-communicator","Environment":"development","Name":"intergalactic-communications-array","Purpose":"broadcast-defense-coordinates-to-friendly-ETs"},"timeouts":null,"user_data_replace_on_change":false,"volume_tags":null},"sensitive_values":{"capacity_reservation_specification":[],"cpu_options":[],"credit_specification":[],"ebs_block_device":[],"enclave_options":[],"ephemeral_block_device":[],"instance_market_options":[],"ipv6_addresses":[],"launch_template":[],"maintenance_options":[],"metadata_options":[],"network_interface":[],"private_dns_name_options":[],"root_block_device":[{"tags_all":{}}],"secondary_private_ips":[],"security_groups":[],"tags":{},"tags_all":{},"vpc_security_group_ids":[]}},{"address":"aws_instance.ultra_mega_defense_computer","mode":"managed","type":"aws_instance","name":"ultra_mega_defense_computer","provider_name":"registry.terraform.io/hashicorp/aws","schema_version":1,"values":{"ami":"ami-0c7217cdde317cfec","credit_specification":[],"get_password_data":false,"hibernation":null,"instance_type":"m6i.16xlarge","launch_template":[],"root_block_device":[{"delete_on_termination":true,"tags":null,"volume_size":200,"volume_type":"gp3"}],"source_dest_check":true,"tags":{"Application":"alien-signal-processor","Environment":"development","Name":"ultra-mega-defense-computer","Purpose":"analyze-extraterrestrial-communications"},"tags_all":{"Application":"alien-signal-processor","Environment":"development","Name":"ultra-mega-defense-computer","Purpose":"analyze-extraterrestrial-communications"},"timeouts":null,"user_data_replace_on_change":false,"volume_tags":null},"sensitive_values":{"capacity_reservation_specification":[],"cpu_options":[],"credit_specification":[],"ebs_block_device":[],"enclave_options":[],"ephemeral_block_device":[],"instance_market_options":[],"ipv6_addresses":[],"launch_template":[],"maintenance_options":[],"metadata_options":[],"network_interface":[],"private_dns_name_options":[],"root_block_device":[{"tags_all":{}}],"secondary_private_ips":[],"security_groups":[],"tags":{},"tags_all":{},"vpc_security_group_ids":[]}},{"address":"aws_internet_gateway.alien_monitoring_igw","mode":"managed","type":"aws_internet_gateway","name":"alien_monitoring_igw","provider_name":"registry.terraform.io/hashicorp/aws","schema_version":0,"values":{"tags":{"Environment":"production","Name":"alien-monitoring-internet-gateway","Purpose":"provide-internet-access-for-monitoring"},"tags_all":{"Environment":"production","Name":"alien-monitoring-internet-gateway","Purpose":"provide-internet-access-for-monitoring"},"timeouts":null},"sensitive_values":{"tags":{},"tags_all":{}}},{"address":"aws_lb.alien_monitoring_lb","mode":"managed","type":"aws_lb","name":"alien_monitoring_lb","provider_name":"registry.terraform.io/hashicorp/aws","schema_version":0,"values":{"access_logs":[],"client_keep_alive":3600,"connection_logs":[],"customer_owned_ipv4_pool":null,"desync_mitigation_mode":"defensive","dns_record_client_routing_policy":null,"drop_invalid_header_fields":false,"enable_cross_zone_load_balancing":null,"enable_deletion_protection":false,"enable_http2":true,"enable_tls_version_and_cipher_suite_headers":false,"enable_waf_fail_open":false,"enable_xff_client_port":false,"enable_zonal_shift":false,"idle_timeout":60,"internal":false,"ipam_pools":[],"load_balancer_type":"application","minimum_load_balancer_capacity":[],"name":"alien-monitoring-lb","preserve_host_header":false,"tags":{"Environment":"production","Name":"alien-monitoring-load-balancer","Purpose":"distribute-alien-monitoring-workload"},"tags_all":{"Environment":"production","Name":"alien-monitoring-load-balancer","Purpose":"distribute-alien-monitoring-workload"},"timeouts":null,"xff_header_processing_mode":"append"},"sensitive_values":{"access_logs":[],"connection_logs":[],"ipam_pools":[],"minimum_load_balancer_capacity":[],"security_groups":[],"subnet_mapping":[],"subnets":[],"tags":{},"tags_all":{}}},{"address":"aws_nat_gateway.alien_monitoring_nat","mode":"managed","type":"aws_nat_gateway","name":"alien_monitoring_nat","provider_name":"registry.terraform.io/hashicorp/aws","schema_version":0,"values":{"connectivity_type":"public","secondary_allocation_ids":null,"tags":{"Environment":"production","Name":"alien-monitoring-nat-gateway","Purpose":"provide-internet-access-for-monitoring"},"tags_all":{"Environment":"production","Name":"alien-monitoring-nat-gateway","Purpose":"provide-internet-access-for-monitoring"},"timeouts":null},"sensitive_values":{"secondary_private_ip_addresses":[],"tags":{},"tags_all":{}}},{"address":"aws_nat_gateway.alien_monitoring_nat2","mode":"managed","type":"aws_nat_gateway","name":"alien_monitoring_nat2","provider_name":"registry.terraform.io/hashicorp/aws","schema_version":0,"values":{"connectivity_type":"public","secondary_allocation_ids":null,"tags":{"Environment":"production","Name":"alien-monitoring-nat-gateway-2","Purpose":"provide-internet-access-for-monitoring"},"tags_all":{"Environment":"production","Name":"alien-monitoring-nat-gateway-2","Purpose":"provide-internet-access-for-monitoring"},"timeouts":null},"sensitive_values":{"secondary_private_ip_addresses":[],"tags":{},"tags_all":{}}},{"address":"aws_security_group.command_center","mode":"managed","type":"aws_security_group","name":"command_center","provider_name":"registry.terraform.io/hashicorp/aws","schema_version":1,"values":{"description":"Managed by Terraform","egress":[{"cidr_blocks":["0.0.0.0/0"],"description":"","from_port":0,"ipv6_cidr_blocks":[],"prefix_list_ids":[],"protocol":"-1","security_groups":[],"self":false,"to_port":0}],"ingress":[{"cidr_blocks":["10.0.0.0/16"],"description":"","from_port":22,"ipv6_cidr_blocks":[],"prefix_list_ids":[],"protocol":"tcp","security_groups":[],"self":false,"to_port":22},{"cidr_blocks":["10.0.0.0/16"],"description":"","from_port":80,"ipv6_cidr_blocks":[],"prefix_list_ids":[],"protocol":"tcp","security_groups":[],"self":false,"to_port":80}],"name_prefix":"alien-defense-","revoke_rules_on_delete":false,"tags":{"Environment":"production","Name":"alien-defense-sg"},"tags_all":{"Environment":"production","Name":"alien-defense-sg"},"timeouts":null},"sensitive_values":{"egress":[{"cidr_blocks":[false],"ipv6_cidr_blocks":[],"prefix_list_ids":[],"security_groups":[]}],"ingress":[{"cidr_blocks":[false],"ipv6_cidr_blocks":[],"prefix_list_ids":[],"security_groups":[]},{"cidr_blocks":[false],"ipv6_cidr_blocks":[],"prefix_list_ids":[],"security_groups":[]}],"tags":{},"tags_all":{}}},{"address":"aws_security_group.unused_alien_sg","mode":"managed","type":"aws_security_group","name":"unused_alien_sg","provider_name":"registry.terraform.io/hashicorp/aws","schema_version":1,"values":{"description":"Managed by Terraform","name_prefix":"unused-alien-","revoke_rules_on_delete":false,"tags":{"Environment":"production","Name":"unused-alien-security-group","Purpose":"backup-unused-alien-access"},"tags_all":{"Environment":"production","Name":"unused-alien-security-group","Purpose":"backup-unused-alien-access"},"timeouts":null},"sensitive_values":{"egress":[],"ingress":[],"tags":{},"tags_all":{}}},{"address":"aws_subnet.defense_sector_a","mode":"managed","type":"aws_subnet","name":"defense_sector_a","provider_name":"registry.terraform.io/hashicorp/aws","schema_version":1,"values":{"assign_ipv6_address_on_creation":false,"availability_zone":"us-east-1a","cidr_block":"10.0.1.0/24","customer_owned_ipv4_pool":null,"enable_dns64":false,"enable_lni_at_device_index":null,"enable_resource_name_dns_a_record_on_launch":false,"enable_resource_name_dns_aaaa_record_on_launch":false,"ipv6_cidr_block":null,"ipv6_native":false,"map_customer_owned_ip_on_launch":null,"map_public_ip_on_launch":false,"outpost_arn":null,"tags":{"Environment":"production","Name":"defense-sector-alpha","Sector":"alpha"},"tags_all":{"Environment":"production","Name":"defense-sector-alpha","Sector":"alpha"},"timeouts":null},"sensitive_values":{"tags":{},"tags_all":{}}},{"address":"aws_subnet.defense_sector_b","mode":"managed","type":"aws_subnet","name":"defense_sector_b","provider_name":"registry.terraform.io/hashicorp/aws","schema_version":1,"values":{"assign_ipv6_address_on_creation":false,"availability_zone":"us-east-1b","cidr_block":"10.0.2.0/24","customer_owned_ipv4_pool":null,"enable_dns64":false,"enable_lni_at_device_index":null,"enable_resource_name_dns_a_record_on_launch":false,"enable_resource_name_dns_aaaa_record_on_launch":false,"ipv6_cidr_block":null,"ipv6_native":false,"map_customer_owned_ip_on_launch":null,"map_public_ip_on_launch":false,"outpost_arn":null,"tags":{"Environment":"production","Name":"defense-sector-beta","Sector":"beta"},"tags_all":{"Environment":"production","Name":"defense-sector-beta","Sector":"beta"},"timeouts":null},"sensitive_values":{"tags":{},"tags_all":{}}},{"address":"aws_vpc.galactic_command","mode":"managed","type":"aws_vpc","name":"galactic_command","provider_name":"registry.terraform.io/hashicorp/aws","schema_version":1,"values":{"assign_generated_ipv6_cidr_block":null,"cidr_block":"10.0.0.0/16","enable_dns_hostnames":true,"enable_dns_support":true,"instance_tenancy":"default","ipv4_ipam_pool_id":null,"ipv4_netmask_length":null,"ipv6_ipam_pool_id":null,"ipv6_netmask_length":null,"tags":{"Environment":"production","Name":"galactic-command-center","Project":"alien-defense","Purpose":"monitor-extraterrestrial-activity"},"tags_all":{"Environment":"production","Name":"galactic-command-center","Project":"alien-defense","Purpose":"monitor-extraterrestrial-activity"}},"sensitive_values":{"tags":{},"tags_all":{}}},{"address":"aws_vpc_endpoint.s3_endpoint","mode":"managed","type":"aws_vpc_endpoint","name":"s3_endpoint","provider_name":"registry.terraform.io/hashicorp/aws","schema_version":0,"values":{"auto_accept":null,"resource_configuration_arn":null,"service_name":"com.amazonaws.us-east-1.s3","service_network_arn":null,"tags":{"Environment":"production","Name":"alien-s3-endpoint","Purpose":"optimize-s3-access-costs"},"tags_all":{"Environment":"production","Name":"alien-s3-endpoint","Purpose":"optimize-s3-access-costs"},"timeouts":null,"vpc_endpoint_type":"Gateway"},"sensitive_values":{"cidr_blocks":[],"dns_entry":[],"dns_options":[],"network_interface_ids":[],"route_table_ids":[],"security_group_ids":[],"subnet_configuration":[],"subnet_ids":[],"tags":{},"tags_all":{}}}]}},"resource_changes":[{"address":"aws_db_instance.galactic_threat_database","mode":"managed","type":"aws_db_instance","name":"galactic_threat_database","provider_name":"registry.terraform.io/hashicorp/aws","change":{"actions":["create"],"before":null,"after":{"allocated_storage":1000,"allow_major_version_upgrade":null,"apply_immediately":false,"auto_minor_version_upgrade":true,"backup_retention_period":7,"backup_window":"02:00-03:00","blue_green_update":[],"copy_tags_to_snapshot":false,"custom_iam_instance_profile":null,"customer_owned_ip_enabled":null,"db_subnet_group_name":"galactic-db-subnet","dedicated_log_volume":false,"delete_automated_backups":true,"deletion_protection":null,"domain":null,"domain_auth_secret_arn":null,"domain_dns_ips":null,"domain_iam_role_name":null,"domain_ou":null,"enabled_cloudwatch_logs_exports":null,"engine":"mysql","engine_version":"8.0","final_snapshot_identifier":null,"iam_database_authentication_enabled":null,"identifier":"galactic-threat-db","instance_class":"db.r6i.8xlarge","iops":12000,"maintenance_window":"sun:03:00-sun:04:00","manage_master_user_password":null,"max_allocated_storage":null,"monitoring_interval":0,"password":"SuperSecureAlienPass2024!","password_wo":null,"password_wo_version":null,"performance_insights_enabled":false,"publicly_accessible":false,"replicate_source_db":null,"restore_to_point_in_time":[],"s3_import":[],"skip_final_snapshot":true,"storage_encrypted":null,"storage_type":"gp3","tags":{"Application":"threat-intelligence","Environment":"production","Name":"galactic-threat-database","Purpose":"store-alien-threat-data"},"tags_all":{"Application":"threat-intelligence","Environment":"production","Name":"galactic-threat-database","Purpose":"store-alien-threat-data"},"timeouts":null,"upgrade_storage_config":null,"username":"alien_hunter"},"after_unknown":{"address":true,"arn":true,"availability_zone":true,"backup_target":true,"blue_green_update":[],"ca_cert_identifier":true,"character_set_name":true,"database_insights_mode":true,"db_name":true,"domain_fqdn":true,"endpoint":true,"engine_lifecycle_support":true,"engine_version_actual":true,"hosted_zone_id":true,"id":true,"identifier_prefix":true,"kms_key_id":true,"latest_restorable_time":true,"license_model":true,"listener_endpoint":true,"master_user_secret":true,"master_user_secret_kms_key_id":true,"monitoring_role_arn":true,"multi_az":true,"nchar_character_set_name":true,"network_type":true,"option_group_name":true,"parameter_group_name":true,"performance_insights_kms_key_id":true,"performance_insights_retention_period":true,"port":true,"replica_mode":true,"replicas":true,"resource_id":true,"restore_to_point_in_time":[],"s3_import":[],"snapshot_identifier":true,"status":true,"storage_throughput":true,"tags":{},"tags_all":{},"timezone":true,"vpc_security_group_ids":true},"before_sensitive":false,"after_sensitive":{"blue_green_update":[],"listener_endpoint":[],"master_user_secret":[],"password":true,"password_wo":true,"replicas":[],"restore_to_point_in_time":[],"s3_import":[],"tags":{},"tags_all":{},"vpc_security_group_ids":[]}}},{"address":"aws_db_subnet_group.galactic_db","mode":"managed","type":"aws_db_subnet_group","name":"galactic_db","provider_name":"registry.terraform.io/hashicorp/aws","change":{"actions":["create"],"before":null,"after":{"description":"Managed by Terraform","name":"galactic-db-subnet","tags":{"Environment":"production","Name":"galactic-db-subnet"},"tags_all":{"Environment":"production","Name":"galactic-db-subnet"}},"after_unknown":{"arn":true,"id":true,"name_prefix":true,"subnet_ids":true,"supported_network_types":true,"tags":{},"tags_all":{},"vpc_id":true},"before_sensitive":false,"after_sensitive":{"subnet_ids":[],"supported_network_types":[],"tags":{},"tags_all":{}}}},{"address":"aws_ebs_volume.alien_artifact_storage","mode":"managed","type":"aws_ebs_volume","name":"alien_artifact_storage","provider_name":"registry.terraform.io/hashicorp/aws","change":{"actions":["create"],"before":null,"after":{"availability_zone":"us-east-1a","final_snapshot":false,"multi_attach_enabled":null,"outpost_arn":null,"size":500,"tags":{"Environment":"production","Name":"alien-artifact-storage","Purpose":"store-captured-alien-artifacts"},"tags_all":{"Environment":"production","Name":"alien-artifact-storage","Purpose":"store-captured-alien-artifacts"},"timeouts":null,"type":"gp3"},"after_unknown":{"arn":true,"create_time":true,"encrypted":true,"id":true,"iops":true,"kms_key_id":true,"snapshot_id":true,"tags":{},"tags_all":{},"throughput":true},"before_sensitive":false,"after_sensitive":{"tags":{},"tags_all":{}}}},{"address":"aws_ebs_volume.unused_alien_data","mode":"managed","type":"aws_ebs_volume","name":"unused_alien_data","provider_name":"registry.terraform.io/hashicorp/aws","change":{"actions":["create"],"before":null,"after":{"availability_zone":"us-east-1a","final_snapshot":false,"multi_attach_enabled":null,"outpost_arn":null,"size":100,"tags":{"Environment":"production","Name":"unused-alien-data-volume","Purpose":"backup-unused-alien-data"},"tags_all":{"Environment":"production","Name":"unused-alien-data-volume","Purpose":"backup-unused-alien-data"},"timeouts":null,"type":"gp3"},"after_unknown":{"arn":true,"create_time":true,"encrypted":true,"id":true,"iops":true,"kms_key_id":true,"snapshot_id":true,"tags":{},"tags_all":{},"throughput":true},"before_sensitive":false,"after_sensitive":{"tags":{},"tags_all":{}}}},{"address":"aws_eip.alien_monitoring_eip","mode":"managed","type":"aws_eip","name":"alien_monitoring_eip","provider_name":"registry.terraform.io/hashicorp/aws","change":{"actions":["create"],"before":null,"after":{"address":null,"associate_with_private_ip":null,"customer_owned_ipv4_pool":null,"domain":"vpc","tags":{"Environment":"production","Name":"alien-monitoring-eip"},"tags_all":{"Environment":"production","Name":"alien-monitoring-eip"},"timeouts":null},"after_unknown":{"allocation_id":true,"arn":true,"association_id":true,"carrier_ip":true,"customer_owned_ip":true,"id":true,"instance":true,"ipam_pool_id":true,"network_border_group":true,"network_interface":true,"private_dns":true,"private_ip":true,"ptr_record":true,"public_dns":true,"public_ip":true,"public_ipv4_pool":true,"tags":{},"tags_all":{},"vpc":true},"before_sensitive":false,"after_sensitive":{"tags":{},"tags_all":{}}}},{"address":"aws_eip.alien_monitoring_eip2","mode":"managed","type":"aws_eip","name":"alien_monitoring_eip2","provider_name":"registry.terraform.io/hashicorp/aws","change":{"actions":["create"],"before":null,"after":{"address":null,"associate_with_private_ip":null,"customer_owned_ipv4_pool":null,"domain":"vpc","tags":{"Environment":"production","Name":"alien-monitoring-eip-2"},"tags_all":{"Environment":"production","Name":"alien-monitoring-eip-2"},"timeouts":null},"after_unknown":{"allocation_id":true,"arn":true,"association_id":true,"carrier_ip":true,"customer_owned_ip":true,"id":true,"instance":true,"ipam_pool_id":true,"network_border_group":true,"network_interface":true,"private_dns":true,"private_ip":true,"ptr_record":true,"public_dns":true,"public_ip":true,"public_ipv4_pool":true,"tags":{},"tags_all":{},"vpc":true},"before_sensitive":false,"after_sensitive":{"tags":{},"tags_all":{}}}},{"address":"aws_eip.unused_alien_eip","mode":"managed","type":"aws_eip","name":"unused_alien_eip","provider_name":"registry.terraform.io/hashicorp/aws","change":{"actions":["create"],"before":null,"after":{"address":null,"associate_with_private_ip":null,"customer_owned_ipv4_pool":null,"domain":"vpc","tags":{"Environment":"production","Name":"unused-alien-eip","Purpose":"spare-alien-communication-ip"},"tags_all":{"Environment":"production","Name":"unused-alien-eip","Purpose":"spare-alien-communication-ip"},"timeouts":null},"after_unknown":{"allocation_id":true,"arn":true,"association_id":true,"carrier_ip":true,"customer_owned_ip":true,"id":true,"instance":true,"ipam_pool_id":true,"network_border_group":true,"network_interface":true,"private_dns":true,"private_ip":true,"ptr_record":true,"public_dns":true,"public_ip":true,"public_ipv4_pool":true,"tags":{},"tags_all":{},"vpc":true},"before_sensitive":false,"after_sensitive":{"tags":{},"tags_all":{}}}},{"address":"aws_instance.intergalactic_communications","mode":"managed","type":"aws_instance","name":"intergalactic_communications","provider_name":"registry.terraform.io/hashicorp/aws","change":{"actions":["create"],"before":null,"after":{"ami":"ami-0c7217cdde317cfec","credit_specification":[],"get_password_data":false,"hibernation":null,"instance_type":"m6i.16xlarge","launch_template":[],"root_block_device":[{"delete_on_termination":true,"tags":null,"volume_size":300,"volume_type":"gp3"}],"source_dest_check":true,"tags":{"Application":"alien-communicator","Environment":"development","Name":"intergalactic-communications-array","Purpose":"broadcast-defense-coordinates-to-friendly-ETs"},"tags_all":{"Application":"alien-communicator","Environment":"development","Name":"intergalactic-communications-array","Purpose":"broadcast-defense-coordinates-to-friendly-ETs"},"timeouts":null,"user_data_replace_on_change":false,"volume_tags":null},"after_unknown":{"arn":true,"associate_public_ip_address":true,"availability_zone":true,"capacity_reservation_specification":true,"cpu_core_count":true,"cpu_options":true,"cpu_threads_per_core":true,"credit_specification":[],"disable_api_stop":true,"disable_api_termination":true,"ebs_block_device":true,"ebs_optimized":true,"enable_primary_ipv6":true,"enclave_options":true,"ephemeral_block_device":true,"host_id":true,"host_resource_group_arn":true,"iam_instance_profile":true,"id":true,"instance_initiated_shutdown_behavior":true,"instance_lifecycle":true,"instance_market_options":true,"instance_state":true,"ipv6_address_count":true,"ipv6_addresses":true,"key_name":true,"launch_template":[],"maintenance_options":true,"metadata_options":true,"monitoring":true,"network_interface":true,"outpost_arn":true,"password_data":true,"placement_group":true,"placement_partition_number":true,"primary_network_interface_id":true,"private_dns":true,"private_dns_name_options":true,"private_ip":true,"public_dns":true,"public_ip":true,"root_block_device":[{"device_name":true,"encrypted":true,"iops":true,"kms_key_id":true,"tags_all":true,"throughput":true,"volume_id":true}],"secondary_private_ips":true,"security_groups":true,"spot_instance_request_id":true,"subnet_id":true,"tags":{},"tags_all":{},"tenancy":true,"user_data":true,"user_data_base64":true,"vpc_security_group_ids":true},"before_sensitive":false,"after_sensitive":{"capacity_reservation_specification":[],"cpu_options":[],"credit_specification":[],"ebs_block_device":[],"enclave_options":[],"ephemeral_block_device":[],"instance_market_options":[],"ipv6_addresses":[],"launch_template":[],"maintenance_options":[],"metadata_options":[],"network_interface":[],"private_dns_name_options":[],"root_block_device":[{"tags_all":{}}],"secondary_private_ips":[],"security_groups":[],"tags":{},"tags_all":{},"vpc_security_group_ids":[]}}},{"address":"aws_instance.ultra_mega_defense_computer","mode":"managed","type":"aws_instance","name":"ultra_mega_defense_computer","provider_name":"registry.terraform.io/hashicorp/aws","change":{"actions":["create"],"before":null,"after":{"ami":"ami-0c7217cdde317cfec","credit_specification":[],"get_password_data":false,"hibernation":null,"instance_type":"m6i.16xlarge","launch_template":[],"root_block_device":[{"delete_on_termination":true,"tags":null,"volume_size":200,"volume_type":"gp3"}],"source_dest_check":true,"tags":{"Application":"alien-signal-processor","Environment":"development","Name":"ultra-mega-defense-computer","Purpose":"analyze-extraterrestrial-communications"},"tags_all":{"Application":"alien-signal-processor","Environment":"development","Name":"ultra-mega-defense-computer","Purpose":"analyze-extraterrestrial-communications"},"timeouts":null,"user_data_replace_on_change":false,"volume_tags":null},"after_unknown":{"arn":true,"associate_public_ip_address":true,"availability_zone":true,"capacity_reservation_specification":true,"cpu_core_count":true,"cpu_options":true,"cpu_threads_per_core":true,"credit_specification":[],"disable_api_stop":true,"disable_api_termination":true,"ebs_block_device":true,"ebs_optimized":true,"enable_primary_ipv6":true,"enclave_options":true,"ephemeral_block_device":true,"host_id":true,"host_resource_group_arn":true,"iam_instance_profile":true,"id":true,"instance_initiated_shutdown_behavior":true,"instance_lifecycle":true,"instance_market_options":true,"instance_state":true,"ipv6_address_count":true,"ipv6_addresses":true,"key_name":true,"launch_template":[],"maintenance_options":true,"metadata_options":true,"monitoring":true,"network_interface":true,"outpost_arn":true,"password_data":true,"placement_group":true,"placement_partition_number":true,"primary_network_interface_id":true,"private_dns":true,"private_dns_name_options":true,"private_ip":true,"public_dns":true,"public_ip":true,"root_block_device":[{"device_name":true,"encrypted":true,"iops":true,"kms_key_id":true,"tags_all":true,"throughput":true,"volume_id":true}],"secondary_private_ips":true,"security_groups":true,"spot_instance_request_id":true,"subnet_id":true,"tags":{},"tags_all":{},"tenancy":true,"user_data":true,"user_data_base64":true,"vpc_security_group_ids":true},"before_sensitive":false,"after_sensitive":{"capacity_reservation_specification":[],"cpu_options":[],"credit_specification":[],"ebs_block_device":[],"enclave_options":[],"ephemeral_block_device":[],"instance_market_options":[],"ipv6_addresses":[],"launch_template":[],"maintenance_options":[],"metadata_options":[],"network_interface":[],"private_dns_name_options":[],"root_block_device":[{"tags_all":{}}],"secondary_private_ips":[],"security_groups":[],"tags":{},"tags_all":{},"vpc_security_group_ids":[]}}},{"address":"aws_internet_gateway.alien_monitoring_igw","mode":"managed","type":"aws_internet_gateway","name":"alien_monitoring_igw","provider_name":"registry.terraform.io/hashicorp/aws","change":{"actions":["create"],"before":null,"after":{"tags":{"Environment":"production","Name":"alien-monitoring-internet-gateway","Purpose":"provide-internet-access-for-monitoring"},"tags_all":{"Environment":"production","Name":"alien-monitoring-internet-gateway","Purpose":"provide-internet-access-for-monitoring"},"timeouts":null},"after_unknown":{"arn":true,"id":true,"owner_id":true,"tags":{},"tags_all":{},"vpc_id":true},"before_sensitive":false,"after_sensitive":{"tags":{},"tags_all":{}}}},{"address":"aws_lb.alien_monitoring_lb","mode":"managed","type":"aws_lb","name":"alien_monitoring_lb","provider_name":"registry.terraform.io/hashicorp/aws","change":{"actions":["create"],"before":null,"after":{"access_logs":[],"client_keep_alive":3600,"connection_logs":[],"customer_owned_ipv4_pool":null,"desync_mitigation_mode":"defensive","dns_record_client_routing_policy":null,"drop_invalid_header_fields":false,"enable_cross_zone_load_balancing":null,"enable_deletion_protection":false,"enable_http2":true,"enable_tls_version_and_cipher_suite_headers":false,"enable_waf_fail_open":false,"enable_xff_client_port":false,"enable_zonal_shift":false,"idle_timeout":60,"internal":false,"ipam_pools":[],"load_balancer_type":"application","minimum_load_balancer_capacity":[],"name":"alien-monitoring-lb","preserve_host_header":false,"tags":{"Environment":"production","Name":"alien-monitoring-load-balancer","Purpose":"distribute-alien-monitoring-workload"},"tags_all":{"Environment":"production","Name":"alien-monitoring-load-balancer","Purpose":"distribute-alien-monitoring-workload"},"timeouts":null,"xff_header_processing_mode":"append"},"after_unknown":{"access_logs":[],"arn":true,"arn_suffix":true,"connection_logs":[],"dns_name":true,"enforce_security_group_inbound_rules_on_private_link_traffic":true,"id":true,"ip_address_type":true,"ipam_pools":[],"minimum_load_balancer_capacity":[],"name_prefix":true,"security_groups":true,"subnet_mapping":true,"subnets":true,"tags":{},"tags_all":{},"vpc_id":true,"zone_id":true},"before_sensitive":false,"after_sensitive":{"access_logs":[],"connection_logs":[],"ipam_pools":[],"minimum_load_balancer_capacity":[],"security_groups":[],"subnet_mapping":[],"subnets":[],"tags":{},"tags_all":{}}}},{"address":"aws_nat_gateway.alien_monitoring_nat","mode":"managed","type":"aws_nat_gateway","name":"alien_monitoring_nat","provider_name":"registry.terraform.io/hashicorp/aws","change":{"actions":["create"],"before":null,"after":{"connectivity_type":"public","secondary_allocation_ids":null,"tags":{"Environment":"production","Name":"alien-monitoring-nat-gateway","Purpose":"provide-internet-access-for-monitoring"},"tags_all":{"Environment":"production","Name":"alien-monitoring-nat-gateway","Purpose":"provide-internet-access-for-monitoring"},"timeouts":null},"after_unknown":{"allocation_id":true,"association_id":true,"id":true,"network_interface_id":true,"private_ip":true,"public_ip":true,"secondary_private_ip_address_count":true,"secondary_private_ip_addresses":true,"subnet_id":true,"tags":{},"tags_all":{}},"before_sensitive":false,"after_sensitive":{"secondary_private_ip_addresses":[],"tags":{},"tags_all":{}}}},{"address":"aws_nat_gateway.alien_monitoring_nat2","mode":"managed","type":"aws_nat_gateway","name":"alien_monitoring_nat2","provider_name":"registry.terraform.io/hashicorp/aws","change":{"actions":["create"],"before":null,"after":{"connectivity_type":"public","secondary_allocation_ids":null,"tags":{"Environment":"production","Name":"alien-monitoring-nat-gateway-2","Purpose":"provide-internet-access-for-monitoring"},"tags_all":{"Environment":"production","Name":"alien-monitoring-nat-gateway-2","Purpose":"provide-internet-access-for-monitoring"},"timeouts":null},"after_unknown":{"allocation_id":true,"association_id":true,"id":true,"network_interface_id":true,"private_ip":true,"public_ip":true,"secondary_private_ip_address_count":true,"secondary_private_ip_addresses":true,"subnet_id":true,"tags":{},"tags_all":{}},"before_sensitive":false,"after_sensitive":{"secondary_private_ip_addresses":[],"tags":{},"tags_all":{}}}},{"address":"aws_security_group.command_center","mode":"managed","type":"aws_security_group","name":"command_center","provider_name":"registry.terraform.io/hashicorp/aws","change":{"actions":["create"],"before":null,"after":{"description":"Managed by Terraform","egress":[{"cidr_blocks":["0.0.0.0/0"],"description":"","from_port":0,"ipv6_cidr_blocks":[],"prefix_list_ids":[],"protocol":"-1","security_groups":[],"self":false,"to_port":0}],"ingress":[{"cidr_blocks":["10.0.0.0/16"],"description":"","from_port":22,"ipv6_cidr_blocks":[],"prefix_list_ids":[],"protocol":"tcp","security_groups":[],"self":false,"to_port":22},{"cidr_blocks":["10.0.0.0/16"],"description":"","from_port":80,"ipv6_cidr_blocks":[],"prefix_list_ids":[],"protocol":"tcp","security_groups":[],"self":false,"to_port":80}],"name_prefix":"alien-defense-","revoke_rules_on_delete":false,"tags":{"Environment":"production","Name":"alien-defense-sg"},"tags_all":{"Environment":"production","Name":"alien-defense-sg"},"timeouts":null},"after_unknown":{"arn":true,"egress":[{"cidr_blocks":[false],"ipv6_cidr_blocks":[],"prefix_list_ids":[],"security_groups":[]}],"id":true,"ingress":[{"cidr_blocks":[false],"ipv6_cidr_blocks":[],"prefix_list_ids":[],"security_groups":[]},{"cidr_blocks":[false],"ipv6_cidr_blocks":[],"prefix_list_ids":[],"security_groups":[]}],"name":true,"owner_id":true,"tags":{},"tags_all":{},"vpc_id":true},"before_sensitive":false,"after_sensitive":{"egress":[{"cidr_blocks":[false],"ipv6_cidr_blocks":[],"prefix_list_ids":[],"security_groups":[]}],"ingress":[{"cidr_blocks":[false],"ipv6_cidr_blocks":[],"prefix_list_ids":[],"security_groups":[]},{"cidr_blocks":[false],"ipv6_cidr_blocks":[],"prefix_list_ids":[],"security_groups":[]}],"tags":{},"tags_all":{}}}},{"address":"aws_security_group.unused_alien_sg","mode":"managed","type":"aws_security_group","name":"unused_alien_sg","provider_name":"registry.terraform.io/hashicorp/aws","change":{"actions":["create"],"before":null,"after":{"description":"Managed by Terraform","name_prefix":"unused-alien-","revoke_rules_on_delete":false,"tags":{"Environment":"production","Name":"unused-alien-security-group","Purpose":"backup-unused-alien-access"},"tags_all":{"Environment":"production","Name":"unused-alien-security-group","Purpose":"backup-unused-alien-access"},"timeouts":null},"after_unknown":{"arn":true,"egress":true,"id":true,"ingress":true,"name":true,"owner_id":true,"tags":{},"tags_all":{},"vpc_id":true},"before_sensitive":false,"after_sensitive":{"egress":[],"ingress":[],"tags":{},"tags_all":{}}}},{"address":"aws_subnet.defense_sector_a","mode":"managed","type":"aws_subnet","name":"defense_sector_a","provider_name":"registry.terraform.io/hashicorp/aws","change":{"actions":["create"],"before":null,"after":{"assign_ipv6_address_on_creation":false,"availability_zone":"us-east-1a","cidr_block":"10.0.1.0/24","customer_owned_ipv4_pool":null,"enable_dns64":false,"enable_lni_at_device_index":null,"enable_resource_name_dns_a_record_on_launch":false,"enable_resource_name_dns_aaaa_record_on_launch":false,"ipv6_cidr_block":null,"ipv6_native":false,"map_customer_owned_ip_on_launch":null,"map_public_ip_on_launch":false,"outpost_arn":null,"tags":{"Environment":"production","Name":"defense-sector-alpha","Sector":"alpha"},"tags_all":{"Environment":"production","Name":"defense-sector-alpha","Sector":"alpha"},"timeouts":null},"after_unknown":{"arn":true,"availability_zone_id":true,"id":true,"ipv6_cidr_block_association_id":true,"owner_id":true,"private_dns_hostname_type_on_launch":true,"tags":{},"tags_all":{},"vpc_id":true},"before_sensitive":false,"after_sensitive":{"tags":{},"tags_all":{}}}},{"address":"aws_subnet.defense_sector_b","mode":"managed","type":"aws_subnet","name":"defense_sector_b","provider_name":"registry.terraform.io/hashicorp/aws","change":{"actions":["create"],"before":null,"after":{"assign_ipv6_address_on_creation":false,"availability_zone":"us-east-1b","cidr_block":"10.0.2.0/24","customer_owned_ipv4_pool":null,"enable_dns64":false,"enable_lni_at_device_index":null,"enable_resource_name_dns_a_record_on_launch":false,"enable_resource_name_dns_aaaa_record_on_launch":false,"ipv6_cidr_block":null,"ipv6_native":false,"map_customer_owned_ip_on_launch":null,"map_public_ip_on_launch":false,"outpost_arn":null,"tags":{"Environment":"production","Name":"defense-sector-beta","Sector":"beta"},"tags_all":{"Environment":"production","Name":"defense-sector-beta","Sector":"beta"},"timeouts":null},"after_unknown":{"arn":true,"availability_zone_id":true,"id":true,"ipv6_cidr_block_association_id":true,"owner_id":true,"private_dns_hostname_type_on_launch":true,"tags":{},"tags_all":{},"vpc_id":true},"before_sensitive":false,"after_sensitive":{"tags":{},"tags_all":{}}}},{"address":"aws_vpc.galactic_command","mode":"managed","type":"aws_vpc","name":"galactic_command","provider_name":"registry.terraform.io/hashicorp/aws","change":{"actions":["create"],"before":null,"after":{"assign_generated_ipv6_cidr_block":null,"cidr_block":"10.0.0.0/16","enable_dns_hostnames":true,"enable_dns_support":true,"instance_tenancy":"default","ipv4_ipam_pool_id":null,"ipv4_netmask_length":null,"ipv6_ipam_pool_id":null,"ipv6_netmask_length":null,"tags":{"Environment":"production","Name":"galactic-command-center","Project":"alien-defense","Purpose":"monitor-extraterrestrial-activity"},"tags_all":{"Environment":"production","Name":"galactic-command-center","Project":"alien-defense","Purpose":"monitor-extraterrestrial-activity"}},"after_unknown":{"arn":true,"default_network_acl_id":true,"default_route_table_id":true,"default_security_group_id":true,"dhcp_options_id":true,"enable_network_address_usage_metrics":true,"id":true,"ipv6_association_id":true,"ipv6_cidr_block":true,"ipv6_cidr_block_network_border_group":true,"main_route_table_id":true,"owner_id":true,"tags":{},"tags_all":{}},"before_sensitive":false,"after_sensitive":{"tags":{},"tags_all":{}}}},{"address":"aws_vpc_endpoint.s3_endpoint","mode":"managed","type":"aws_vpc_endpoint","name":"s3_endpoint","provider_name":"registry.terraform.io/hashicorp/aws","change":{"actions":["create"],"before":null,"after":{"auto_accept":null,"resource_configuration_arn":null,"service_name":"com.amazonaws.us-east-1.s3","service_network_arn":null,"tags":{"Environment":"production","Name":"alien-s3-endpoint","Purpose":"optimize-s3-access-costs"},"tags_all":{"Environment":"production","Name":"alien-s3-endpoint","Purpose":"optimize-s3-access-costs"},"timeouts":null,"vpc_endpoint_type":"Gateway"},"after_unknown":{"arn":true,"cidr_blocks":true,"dns_entry":true,"dns_options":true,"id":true,"ip_address_type":true,"network_interface_ids":true,"owner_id":true,"policy":true,"prefix_list_id":true,"private_dns_enabled":true,"requester_managed":true,"route_table_ids":true,"security_group_ids":true,"service_region":true,"state":true,"subnet_configuration":true,"subnet_ids":true,"tags":{},"tags_all":{},"vpc_id":true},"before_sensitive":false,"after_sensitive":{"cidr_blocks":[],"dns_entry":[],"dns_options":[],"network_interface_ids":[],"route_table_ids":[],"security_group_ids":[],"subnet_configuration":[],"subnet_ids":[],"tags":{},"tags_all":{}}}}],"configuration":{"provider_config":{"aws":{"name":"aws","full_name":"registry.terraform.io/hashicorp/aws","version_constraint":"~\u003e 5.0","expressions":{"region":{"constant_value":"us-east-1"}}}},"root_module":{"resources":[{"address":"aws_db_instance.galactic_threat_database","mode":"managed","type":"aws_db_instance","name":"galactic_threat_database","provider_config_key":"aws","expressions":{"allocated_storage":{"constant_value":1000},"backup_retention_period":{"constant_value":7},"backup_window":{"constant_value":"02:00-03:00"},"db_subnet_group_name":{"references":["aws_db_subnet_group.galactic_db.name","aws_db_subnet_group.galactic_db"]},"engine":{"constant_value":"mysql"},"engine_version":{"constant_value":"8.0"},"identifier":{"constant_value":"galactic-threat-db"},"instance_class":{"constant_value":"db.r6i.8xlarge"},"iops":{"constant_value":12000},"maintenance_window":{"constant_value":"sun:03:00-sun:04:00"},"password":{"constant_value":"SuperSecureAlienPass2024!"},"skip_final_snapshot":{"constant_value":true},"storage_type":{"constant_value":"gp3"},"tags":{"constant_value":{"Application":"threat-intelligence","Environment":"production","Name":"galactic-threat-database","Purpose":"store-alien-threat-data"}},"username":{"constant_value":"alien_hunter"},"vpc_security_group_ids":{"references":["aws_security_group.command_center.id","aws_security_group.command_center"]}},"schema_version":2},{"address":"aws_db_subnet_group.galactic_db","mode":"managed","type":"aws_db_subnet_group","name":"galactic_db","provider_config_key":"aws","expressions":{"name":{"constant_value":"galactic-db-subnet"},"subnet_ids":{"references":["aws_subnet.defense_sector_a.id","aws_subnet.defense_sector_a","aws_subnet.defense_sector_b.id","aws_subnet.defense_sector_b"]},"tags":{"constant_value":{"Environment":"production","Name":"galactic-db-subnet"}}},"schema_version":0},{"address":"aws_ebs_volume.alien_artifact_storage","mode":"managed","type":"aws_ebs_volume","name":"alien_artifact_storage","provider_config_key":"aws","expressions":{"availability_zone":{"constant_value":"us-east-1a"},"size":{"constant_value":500},"tags":{"constant_value":{"Environment":"production","Name":"alien-artifact-storage","Purpose":"store-captured-alien-artifacts"}},"type":{"constant_value":"gp3"}},"schema_version":0},{"address":"aws_ebs_volume.unused_alien_data","mode":"managed","type":"aws_ebs_volume","name":"unused_alien_data","provider_config_key":"aws","expressions":{"availability_zone":{"constant_value":"us-east-1a"},"size":{"constant_value":100},"tags":{"constant_value":{"Environment":"production","Name":"unused-alien-data-volume","Purpose":"backup-unused-alien-data"}},"type":{"constant_value":"gp3"}},"schema_version":0},{"address":"aws_eip.alien_monitoring_eip","mode":"managed","type":"aws_eip","name":"alien_monitoring_eip","provider_config_key":"aws","expressions":{"domain":{"constant_value":"vpc"},"tags":{"constant_value":{"Environment":"production","Name":"alien-monitoring-eip"}}},"schema_version":0},{"address":"aws_eip.alien_monitoring_eip2","mode":"managed","type":"aws_eip","name":"alien_monitoring_eip2","provider_config_key":"aws","expressions":{"domain":{"constant_value":"vpc"},"tags":{"constant_value":{"Environment":"production","Name":"alien-monitoring-eip-2"}}},"schema_version":0},{"address":"aws_eip.unused_alien_eip","mode":"managed","type":"aws_eip","name":"unused_alien_eip","provider_config_key":"aws","expressions":{"domain":{"constant_value":"vpc"},"tags":{"constant_value":{"Environment":"production","Name":"unused-alien-eip","Purpose":"spare-alien-communication-ip"}}},"schema_version":0},{"address":"aws_instance.intergalactic_communications","mode":"managed","type":"aws_instance","name":"intergalactic_communications","provider_config_key":"aws","expressions":{"ami":{"constant_value":"ami-0c7217cdde317cfec"},"instance_type":{"constant_value":"m6i.16xlarge"},"root_block_device":[{"volume_size":{"constant_value":300},"volume_type":{"constant_value":"gp3"}}],"subnet_id":{"references":["aws_subnet.defense_sector_b.id","aws_subnet.defense_sector_b"]},"tags":{"constant_value":{"Application":"alien-communicator","Environment":"development","Name":"intergalactic-communications-array","Purpose":"broadcast-defense-coordinates-to-friendly-ETs"}},"vpc_security_group_ids":{"references":["aws_security_group.command_center.id","aws_security_group.command_center"]}},"schema_version":1},{"address":"aws_instance.ultra_mega_defense_computer","mode":"managed","type":"aws_instance","name":"ultra_mega_defense_computer","provider_config_key":"aws","expressions":{"ami":{"constant_value":"ami-0c7217cdde317cfec"},"instance_type":{"constant_value":"m6i.16xlarge"},"root_block_device":[{"volume_size":{"constant_value":200},"volume_type":{"constant_value":"gp3"}}],"subnet_id":{"references":["aws_subnet.defense_sector_a.id","aws_subnet.defense_sector_a"]},"tags":{"constant_value":{"Application":"alien-signal-processor","Environment":"development","Name":"ultra-mega-defense-computer","Purpose":"analyze-extraterrestrial-communications"}},"vpc_security_group_ids":{"references":["aws_security_group.command_center.id","aws_security_group.command_center"]}},"schema_version":1},{"address":"aws_internet_gateway.alien_monitoring_igw","mode":"managed","type":"aws_internet_gateway","name":"alien_monitoring_igw","provider_config_key":"aws","expressions":{"tags":{"constant_value":{"Environment":"production","Name":"alien-monitoring-internet-gateway","Purpose":"provide-internet-access-for-monitoring"}},"vpc_id":{"references":["aws_vpc.galactic_command.id","aws_vpc.galactic_command"]}},"schema_version":0},{"address":"aws_lb.alien_monitoring_lb","mode":"managed","type":"aws_lb","name":"alien_monitoring_lb","provider_config_key":"aws","expressions":{"internal":{"constant_value":false},"load_balancer_type":{"constant_value":"application"},"name":{"constant_value":"alien-monitoring-lb"},"security_groups":{"references":["aws_security_group.command_center.id","aws_security_group.command_center"]},"subnets":{"references":["aws_subnet.defense_sector_a.id","aws_subnet.defense_sector_a","aws_subnet.defense_sector_b.id","aws_subnet.defense_sector_b"]},"tags":{"constant_value":{"Environment":"production","Name":"alien-monitoring-load-balancer","Purpose":"distribute-alien-monitoring-workload"}}},"schema_version":0},{"address":"aws_nat_gateway.alien_monitoring_nat","mode":"managed","type":"aws_nat_gateway","name":"alien_monitoring_nat","provider_config_key":"aws","expressions":{"allocation_id":{"references":["aws_eip.alien_monitoring_eip.id","aws_eip.alien_monitoring_eip"]},"subnet_id":{"references":["aws_subnet.defense_sector_a.id","aws_subnet.defense_sector_a"]},"tags":{"constant_value":{"Environment":"production","Name":"alien-monitoring-nat-gateway","Purpose":"provide-internet-access-for-monitoring"}}},"schema_version":0},{"address":"aws_nat_gateway.alien_monitoring_nat2","mode":"managed","type":"aws_nat_gateway","name":"alien_monitoring_nat2","provider_config_key":"aws","expressions":{"allocation_id":{"references":["aws_eip.alien_monitoring_eip2.id","aws_eip.alien_monitoring_eip2"]},"subnet_id":{"references":["aws_subnet.defense_sector_b.id","aws_subnet.defense_sector_b"]},"tags":{"constant_value":{"Environment":"production","Name":"alien-monitoring-nat-gateway-2","Purpose":"provide-internet-access-for-monitoring"}}},"schema_version":0},{"address":"aws_security_group.command_center","mode":"managed","type":"aws_security_group","name":"command_center","provider_config_key":"aws","expressions":{"egress":{"constant_value":[{"cidr_blocks":["0.0.0.0/0"],"description":null,"from_port":0,"ipv6_cidr_blocks":null,"prefix_list_ids":null,"protocol":"-1","security_groups":null,"self":null,"to_port":0}]},"ingress":{"constant_value":[{"cidr_blocks":["10.0.0.0/16"],"description":null,"from_port":22,"ipv6_cidr_blocks":null,"prefix_list_ids":null,"protocol":"tcp","security_groups":null,"self":null,"to_port":22},{"cidr_blocks":["10.0.0.0/16"],"description":null,"from_port":80,"ipv6_cidr_blocks":null,"prefix_list_ids":null,"protocol":"tcp","security_groups":null,"self":null,"to_port":80}]},"name_prefix":{"constant_value":"alien-defense-"},"tags":{"constant_value":{"Environment":"production","Name":"alien-defense-sg"}},"vpc_id":{"references":["aws_vpc.galactic_command.id","aws_vpc.galactic_command"]}},"schema_version":1},{"address":"aws_security_group.unused_alien_sg","mode":"managed","type":"aws_security_group","name":"unused_alien_sg","provider_config_key":"aws","expressions":{"name_prefix":{"constant_value":"unused-alien-"},"tags":{"constant_value":{"Environment":"production","Name":"unused-alien-security-group","Purpose":"backup-unused-alien-access"}},"vpc_id":{"references":["aws_vpc.galactic_command.id","aws_vpc.galactic_command"]}},"schema_version":1},{"address":"aws_subnet.defense_sector_a","mode":"managed","type":"aws_subnet","name":"defense_sector_a","provider_config_key":"aws","expressions":{"availability_zone":{"constant_value":"us-east-1a"},"cidr_block":{"constant_value":"10.0.1.0/24"},"tags":{"constant_value":{"Environment":"production","Name":"defense-sector-alpha","Sector":"alpha"}},"vpc_id":{"references":["aws_vpc.galactic_command.id","aws_vpc.galactic_command"]}},"schema_version":1},{"address":"aws_subnet.defense_sector_b","mode":"managed","type":"aws_subnet","name":"defense_sector_b","provider_config_key":"aws","expressions":{"availability_zone":{"constant_value":"us-east-1b"},"cidr_block":{"constant_value":"10.0.2.0/24"},"tags":{"constant_value":{"Environment":"production","Name":"defense-sector-beta","Sector":"beta"}},"vpc_id":{"references":["aws_vpc.galactic_command.id","aws_vpc.galactic_command"]}},"schema_version":1},{"address":"aws_vpc.galactic_command","mode":"managed","type":"aws_vpc","name":"galactic_command","provider_config_key":"aws","expressions":{"cidr_block":{"constant_value":"10.0.0.0/16"},"enable_dns_hostnames":{"constant_value":true},"enable_dns_support":{"constant_value":true},"tags":{"constant_value":{"Environment":"production","Name":"galactic-command-center","Project":"alien-defense","Purpose":"monitor-extraterrestrial-activity"}}},"schema_version":1},{"address":"aws_vpc_endpoint.s3_endpoint","mode":"managed","type":"aws_vpc_endpoint","name":"s3_endpoint","provider_config_key":"aws","expressions":{"service_name":{"constant_value":"com.amazonaws.us-east-1.s3"},"tags":{"constant_value":{"Environment":"production","Name":"alien-s3-endpoint","Purpose":"optimize-s3-access-costs"}},"vpc_id":{"references":["aws_vpc.galactic_command.id","aws_vpc.galactic_command"]}},"schema_version":0}]}},"relevant_attributes":[{"resource":"aws_security_group.command_center","attribute":["id"]},{"resource":"aws_db_subnet_group.galactic_db","attribute":["name"]},{"resource":"aws_vpc.galactic_command","attribute":["id"]},{"resource":"aws_subnet.defense_sector_a","attribute":["id"]},{"resource":"aws_subnet.defense_sector_b","attribute":["id"]},{"resource":"aws_eip.alien_monitoring_eip2","attribute":["id"]},{"resource":"aws_eip.alien_monitoring_eip","attribute":["id"]}],"timestamp":"2026-01-08T09:12:25Z","errored":false}
